// !$*UTF8*$!
{
	archiveVersion = 1;
	classes = {
	};
	objectVersion = 56;
	objects = {

/* Begin PBXBuildFile section */
		291A07EE2BC173D6008B4246 /* StartScoreView.swift in Sources */ = {isa = PBXBuildFile; fileRef = 291A07ED2BC173D6008B4246 /* StartScoreView.swift */; };
		291A07F12BC198F8008B4246 /* StarsWorker.swift in Sources */ = {isa = PBXBuildFile; fileRef = 291A07F02BC198F8008B4246 /* StarsWorker.swift */; };
		2944D6DC2BC871A6001F1A82 /* SettingsCubeView.swift in Sources */ = {isa = PBXBuildFile; fileRef = 2944D6DB2BC871A6001F1A82 /* SettingsCubeView.swift */; };
		2944D6DF2BC91166001F1A82 /* BackButtonToolbarItem.swift in Sources */ = {isa = PBXBuildFile; fileRef = 2944D6DE2BC91166001F1A82 /* BackButtonToolbarItem.swift */; };
		2944D6E32BC9163C001F1A82 /* SettingsCubeWrapper.swift in Sources */ = {isa = PBXBuildFile; fileRef = 2944D6E22BC9163C001F1A82 /* SettingsCubeWrapper.swift */; };
		2944D6E52BC916F9001F1A82 /* SettingsCubeFactory.swift in Sources */ = {isa = PBXBuildFile; fileRef = 2944D6E42BC916F9001F1A82 /* SettingsCubeFactory.swift */; };
		2944D6E72BC91770001F1A82 /* SettingsCubeScene.swift in Sources */ = {isa = PBXBuildFile; fileRef = 2944D6E62BC9176F001F1A82 /* SettingsCubeScene.swift */; };
		2944D6EC2BCC4C94001F1A82 /* ImageWorker.swift in Sources */ = {isa = PBXBuildFile; fileRef = 2944D6EB2BCC4C94001F1A82 /* ImageWorker.swift */; };
		2944D6EE2BCC4FFD001F1A82 /* CubeWorker.swift in Sources */ = {isa = PBXBuildFile; fileRef = 2944D6ED2BCC4FFD001F1A82 /* CubeWorker.swift */; };
		294E6E3A2BD27B9B00B615F1 /* CubeButtonView.swift in Sources */ = {isa = PBXBuildFile; fileRef = 294E6E392BD27B9B00B615F1 /* CubeButtonView.swift */; };
		2956CE762BCED46A00F17C01 /* NavigationBar.swift in Sources */ = {isa = PBXBuildFile; fileRef = 2956CE752BCED46A00F17C01 /* NavigationBar.swift */; };
		2979B7142BBFDE5D000839D3 /* StartSceneWrapper.swift in Sources */ = {isa = PBXBuildFile; fileRef = 2979B7132BBFDE5D000839D3 /* StartSceneWrapper.swift */; };
		2979B7182BBFDF3C000839D3 /* MenuSceneWrapper.swift in Sources */ = {isa = PBXBuildFile; fileRef = 2979B7172BBFDF3C000839D3 /* MenuSceneWrapper.swift */; };
		2985064E2B8B53A300028FA9 /* BoxesWorker.swift in Sources */ = {isa = PBXBuildFile; fileRef = 2985064D2B8B53A300028FA9 /* BoxesWorker.swift */; };
		29A070332B91A5940078EB8D /* StartFactory.swift in Sources */ = {isa = PBXBuildFile; fileRef = 29A070322B91A5940078EB8D /* StartFactory.swift */; };
		29A225492B89E0C5009ECD1C /* OptionsView.swift in Sources */ = {isa = PBXBuildFile; fileRef = 29A225482B89E0C5009ECD1C /* OptionsView.swift */; };
		29B2ADB92BDAD18A002D11D8 /* SettingsStorage.swift in Sources */ = {isa = PBXBuildFile; fileRef = 29B2ADB82BDAD18A002D11D8 /* SettingsStorage.swift */; };
		29B2ADBC2BDB9369002D11D8 /* Dependency.swift in Sources */ = {isa = PBXBuildFile; fileRef = 29B2ADBB2BDB9369002D11D8 /* Dependency.swift */; };
		29B2ADBF2BDBA415002D11D8 /* Ext+Color.swift in Sources */ = {isa = PBXBuildFile; fileRef = 29B2ADBE2BDBA415002D11D8 /* Ext+Color.swift */; };
		29C162C22B848CC4002E185D /* MixPuzzleApp.swift in Sources */ = {isa = PBXBuildFile; fileRef = 29C162C12B848CC4002E185D /* MixPuzzleApp.swift */; };
		29C162C42B848CC4002E185D /* MenuView.swift in Sources */ = {isa = PBXBuildFile; fileRef = 29C162C32B848CC4002E185D /* MenuView.swift */; };
		29C162C62B848CC5002E185D /* Assets.xcassets in Resources */ = {isa = PBXBuildFile; fileRef = 29C162C52B848CC5002E185D /* Assets.xcassets */; };
		29C162CA2B848CC5002E185D /* Preview Assets.xcassets in Resources */ = {isa = PBXBuildFile; fileRef = 29C162C92B848CC5002E185D /* Preview Assets.xcassets */; };
		29C162D22B848D89002E185D /* MenuScene.swift in Sources */ = {isa = PBXBuildFile; fileRef = 29C162D12B848D89002E185D /* MenuScene.swift */; };
		29C162D42B8491DA002E185D /* puzzle.scnassets in Resources */ = {isa = PBXBuildFile; fileRef = 29C162D32B8491DA002E185D /* puzzle.scnassets */; };
		29D3D1A32B8A0BF600E3EE6A /* StartScene.swift in Sources */ = {isa = PBXBuildFile; fileRef = 29D3D1A22B8A0BF600E3EE6A /* StartScene.swift */; };
		29D3D1A62B8A134700E3EE6A /* MFPuzzle in Frameworks */ = {isa = PBXBuildFile; productRef = 29D3D1A52B8A134700E3EE6A /* MFPuzzle */; };
		29DFDEBB2BC50D9500791434 /* Colors.swift in Sources */ = {isa = PBXBuildFile; fileRef = 29DFDEB92BC50D9500791434 /* Colors.swift */; };
		29DFDEBC2BC50D9500791434 /* Colors.xcassets in Resources */ = {isa = PBXBuildFile; fileRef = 29DFDEBA2BC50D9500791434 /* Colors.xcassets */; };
		29DFDEBE2BC5177F00791434 /* OptionsSectionsView.swift in Sources */ = {isa = PBXBuildFile; fileRef = 29DFDEBD2BC5177F00791434 /* OptionsSectionsView.swift */; };
		29EB775D2B872E0D00A494A0 /* StartView.swift in Sources */ = {isa = PBXBuildFile; fileRef = 29EB775C2B872E0D00A494A0 /* StartView.swift */; };
/* End PBXBuildFile section */

/* Begin PBXFileReference section */
		291A07ED2BC173D6008B4246 /* StartScoreView.swift */ = {isa = PBXFileReference; lastKnownFileType = sourcecode.swift; path = StartScoreView.swift; sourceTree = "<group>"; };
		291A07F02BC198F8008B4246 /* StarsWorker.swift */ = {isa = PBXFileReference; lastKnownFileType = sourcecode.swift; path = StarsWorker.swift; sourceTree = "<group>"; };
		2944D6DB2BC871A6001F1A82 /* SettingsCubeView.swift */ = {isa = PBXFileReference; lastKnownFileType = sourcecode.swift; path = SettingsCubeView.swift; sourceTree = "<group>"; };
		2944D6DE2BC91166001F1A82 /* BackButtonToolbarItem.swift */ = {isa = PBXFileReference; lastKnownFileType = sourcecode.swift; path = BackButtonToolbarItem.swift; sourceTree = "<group>"; };
		2944D6E22BC9163C001F1A82 /* SettingsCubeWrapper.swift */ = {isa = PBXFileReference; lastKnownFileType = sourcecode.swift; path = SettingsCubeWrapper.swift; sourceTree = "<group>"; };
		2944D6E42BC916F9001F1A82 /* SettingsCubeFactory.swift */ = {isa = PBXFileReference; lastKnownFileType = sourcecode.swift; path = SettingsCubeFactory.swift; sourceTree = "<group>"; };
		2944D6E62BC9176F001F1A82 /* SettingsCubeScene.swift */ = {isa = PBXFileReference; lastKnownFileType = sourcecode.swift; path = SettingsCubeScene.swift; sourceTree = "<group>"; };
		2944D6EB2BCC4C94001F1A82 /* ImageWorker.swift */ = {isa = PBXFileReference; lastKnownFileType = sourcecode.swift; path = ImageWorker.swift; sourceTree = "<group>"; };
		2944D6ED2BCC4FFD001F1A82 /* CubeWorker.swift */ = {isa = PBXFileReference; lastKnownFileType = sourcecode.swift; path = CubeWorker.swift; sourceTree = "<group>"; };
		294E6E392BD27B9B00B615F1 /* CubeButtonView.swift */ = {isa = PBXFileReference; lastKnownFileType = sourcecode.swift; path = CubeButtonView.swift; sourceTree = "<group>"; };
		2956CE752BCED46A00F17C01 /* NavigationBar.swift */ = {isa = PBXFileReference; lastKnownFileType = sourcecode.swift; path = NavigationBar.swift; sourceTree = "<group>"; };
		2979B7132BBFDE5D000839D3 /* StartSceneWrapper.swift */ = {isa = PBXFileReference; lastKnownFileType = sourcecode.swift; path = StartSceneWrapper.swift; sourceTree = "<group>"; };
		2979B7172BBFDF3C000839D3 /* MenuSceneWrapper.swift */ = {isa = PBXFileReference; lastKnownFileType = sourcecode.swift; path = MenuSceneWrapper.swift; sourceTree = "<group>"; };
		2985064D2B8B53A300028FA9 /* BoxesWorker.swift */ = {isa = PBXFileReference; lastKnownFileType = sourcecode.swift; path = BoxesWorker.swift; sourceTree = "<group>"; };
		29A070322B91A5940078EB8D /* StartFactory.swift */ = {isa = PBXFileReference; lastKnownFileType = sourcecode.swift; path = StartFactory.swift; sourceTree = "<group>"; };
		29A225482B89E0C5009ECD1C /* OptionsView.swift */ = {isa = PBXFileReference; lastKnownFileType = sourcecode.swift; path = OptionsView.swift; sourceTree = "<group>"; };
		29B2ADB82BDAD18A002D11D8 /* SettingsStorage.swift */ = {isa = PBXFileReference; lastKnownFileType = sourcecode.swift; path = SettingsStorage.swift; sourceTree = "<group>"; };
		29B2ADBB2BDB9369002D11D8 /* Dependency.swift */ = {isa = PBXFileReference; lastKnownFileType = sourcecode.swift; path = Dependency.swift; sourceTree = "<group>"; };
		29B2ADBE2BDBA415002D11D8 /* Ext+Color.swift */ = {isa = PBXFileReference; lastKnownFileType = sourcecode.swift; path = "Ext+Color.swift"; sourceTree = "<group>"; };
		29C162BE2B848CC4002E185D /* MixPuzzle.app */ = {isa = PBXFileReference; explicitFileType = wrapper.application; includeInIndex = 0; path = MixPuzzle.app; sourceTree = BUILT_PRODUCTS_DIR; };
		29C162C12B848CC4002E185D /* MixPuzzleApp.swift */ = {isa = PBXFileReference; lastKnownFileType = sourcecode.swift; path = MixPuzzleApp.swift; sourceTree = "<group>"; };
		29C162C32B848CC4002E185D /* MenuView.swift */ = {isa = PBXFileReference; lastKnownFileType = sourcecode.swift; path = MenuView.swift; sourceTree = "<group>"; };
		29C162C52B848CC5002E185D /* Assets.xcassets */ = {isa = PBXFileReference; lastKnownFileType = folder.assetcatalog; path = Assets.xcassets; sourceTree = "<group>"; };
		29C162C72B848CC5002E185D /* MixPuzzle.entitlements */ = {isa = PBXFileReference; lastKnownFileType = text.plist.entitlements; path = MixPuzzle.entitlements; sourceTree = "<group>"; };
		29C162C92B848CC5002E185D /* Preview Assets.xcassets */ = {isa = PBXFileReference; lastKnownFileType = folder.assetcatalog; path = "Preview Assets.xcassets"; sourceTree = "<group>"; };
		29C162D12B848D89002E185D /* MenuScene.swift */ = {isa = PBXFileReference; lastKnownFileType = sourcecode.swift; path = MenuScene.swift; sourceTree = "<group>"; };
		29C162D32B8491DA002E185D /* puzzle.scnassets */ = {isa = PBXFileReference; lastKnownFileType = wrapper.scnassets; path = puzzle.scnassets; sourceTree = "<group>"; };
		29D3D1A22B8A0BF600E3EE6A /* StartScene.swift */ = {isa = PBXFileReference; lastKnownFileType = sourcecode.swift; path = StartScene.swift; sourceTree = "<group>"; };
		29DFDEB92BC50D9500791434 /* Colors.swift */ = {isa = PBXFileReference; fileEncoding = 4; lastKnownFileType = sourcecode.swift; path = Colors.swift; sourceTree = "<group>"; };
		29DFDEBA2BC50D9500791434 /* Colors.xcassets */ = {isa = PBXFileReference; lastKnownFileType = folder.assetcatalog; path = Colors.xcassets; sourceTree = "<group>"; };
		29DFDEBD2BC5177F00791434 /* OptionsSectionsView.swift */ = {isa = PBXFileReference; lastKnownFileType = sourcecode.swift; path = OptionsSectionsView.swift; sourceTree = "<group>"; };
		29EB775C2B872E0D00A494A0 /* StartView.swift */ = {isa = PBXFileReference; lastKnownFileType = sourcecode.swift; path = StartView.swift; sourceTree = "<group>"; };
/* End PBXFileReference section */

/* Begin PBXFrameworksBuildPhase section */
		29C162BB2B848CC4002E185D /* Frameworks */ = {
			isa = PBXFrameworksBuildPhase;
			buildActionMask = 2147483647;
			files = (
				29D3D1A62B8A134700E3EE6A /* MFPuzzle in Frameworks */,
			);
			runOnlyForDeploymentPostprocessing = 0;
		};
/* End PBXFrameworksBuildPhase section */

/* Begin PBXGroup section */
		2944D6D92BC870FD001F1A82 /* Scenes */ = {
			isa = PBXGroup;
			children = (
				2944D6E82BC91E96001F1A82 /* Workers */,
				2944D6DD2BC910FB001F1A82 /* Common */,
				2944D6DA2BC87167001F1A82 /* SettingsCubeView */,
				29A225472B89E0A2009ECD1C /* Options */,
				29EB775B2B872DF900A494A0 /* Start */,
				29C162D32B8491DA002E185D /* puzzle.scnassets */,
				29C162D02B848D53002E185D /* Menu */,
			);
			path = Scenes;
			sourceTree = "<group>";
		};
		2944D6DA2BC87167001F1A82 /* SettingsCubeView */ = {
			isa = PBXGroup;
			children = (
				2944D6E12BC915F1001F1A82 /* Scene */,
				2944D6E02BC915E9001F1A82 /* View */,
			);
			path = SettingsCubeView;
			sourceTree = "<group>";
		};
		2944D6DD2BC910FB001F1A82 /* Common */ = {
			isa = PBXGroup;
			children = (
				2944D6DE2BC91166001F1A82 /* BackButtonToolbarItem.swift */,
				2956CE752BCED46A00F17C01 /* NavigationBar.swift */,
			);
			path = Common;
			sourceTree = "<group>";
		};
		2944D6E02BC915E9001F1A82 /* View */ = {
			isa = PBXGroup;
			children = (
				2944D6DB2BC871A6001F1A82 /* SettingsCubeView.swift */,
				2944D6E22BC9163C001F1A82 /* SettingsCubeWrapper.swift */,
			);
			path = View;
			sourceTree = "<group>";
		};
		2944D6E12BC915F1001F1A82 /* Scene */ = {
			isa = PBXGroup;
			children = (
				2944D6E42BC916F9001F1A82 /* SettingsCubeFactory.swift */,
				2944D6E62BC9176F001F1A82 /* SettingsCubeScene.swift */,
			);
			path = Scene;
			sourceTree = "<group>";
		};
		2944D6E82BC91E96001F1A82 /* Workers */ = {
			isa = PBXGroup;
			children = (
				2985064D2B8B53A300028FA9 /* BoxesWorker.swift */,
				291A07F02BC198F8008B4246 /* StarsWorker.swift */,
				2944D6EB2BCC4C94001F1A82 /* ImageWorker.swift */,
				2944D6ED2BCC4FFD001F1A82 /* CubeWorker.swift */,
			);
			path = Workers;
			sourceTree = "<group>";
		};
		295D81FF2BD3E31400D1C431 /* Draft */ = {
			isa = PBXGroup;
			children = (
				294E6E392BD27B9B00B615F1 /* CubeButtonView.swift */,
			);
			path = Draft;
			sourceTree = "<group>";
		};
		2979B7112BBFDDB3000839D3 /* Scene */ = {
			isa = PBXGroup;
			children = (
				29A070322B91A5940078EB8D /* StartFactory.swift */,
				29D3D1A22B8A0BF600E3EE6A /* StartScene.swift */,
			);
			path = Scene;
			sourceTree = "<group>";
		};
		2979B7122BBFDE25000839D3 /* View */ = {
			isa = PBXGroup;
			children = (
				29EB775C2B872E0D00A494A0 /* StartView.swift */,
				2979B7132BBFDE5D000839D3 /* StartSceneWrapper.swift */,
				291A07ED2BC173D6008B4246 /* StartScoreView.swift */,
			);
			path = View;
			sourceTree = "<group>";
		};
		2979B7152BBFDEF5000839D3 /* Scene */ = {
			isa = PBXGroup;
			children = (
				29C162D12B848D89002E185D /* MenuScene.swift */,
			);
			path = Scene;
			sourceTree = "<group>";
		};
		2979B7162BBFDF03000839D3 /* View */ = {
			isa = PBXGroup;
			children = (
				29C162C32B848CC4002E185D /* MenuView.swift */,
				2979B7172BBFDF3C000839D3 /* MenuSceneWrapper.swift */,
			);
			path = View;
			sourceTree = "<group>";
		};
		29A225472B89E0A2009ECD1C /* Options */ = {
			isa = PBXGroup;
			children = (
				29A225482B89E0C5009ECD1C /* OptionsView.swift */,
				29DFDEBD2BC5177F00791434 /* OptionsSectionsView.swift */,
			);
			path = Options;
			sourceTree = "<group>";
		};
		29B2ADB72BDAD157002D11D8 /* Managers */ = {
			isa = PBXGroup;
			children = (
				29B2ADB82BDAD18A002D11D8 /* SettingsStorage.swift */,
			);
			path = Managers;
			sourceTree = "<group>";
		};
		29B2ADBA2BDB9354002D11D8 /* Dependency */ = {
			isa = PBXGroup;
			children = (
				29B2ADBB2BDB9369002D11D8 /* Dependency.swift */,
			);
			path = Dependency;
			sourceTree = "<group>";
		};
		29B2ADBD2BDBA402002D11D8 /* Extentions */ = {
			isa = PBXGroup;
			children = (
				29B2ADBE2BDBA415002D11D8 /* Ext+Color.swift */,
			);
			path = Extentions;
			sourceTree = "<group>";
		};
		29C162B52B848CC3002E185D = {
			isa = PBXGroup;
			children = (
				29C162C02B848CC4002E185D /* MixPuzzle */,
				29C162BF2B848CC4002E185D /* Products */,
			);
			sourceTree = "<group>";
		};
		29C162BF2B848CC4002E185D /* Products */ = {
			isa = PBXGroup;
			children = (
				29C162BE2B848CC4002E185D /* MixPuzzle.app */,
			);
			name = Products;
			sourceTree = "<group>";
		};
		29C162C02B848CC4002E185D /* MixPuzzle */ = {
			isa = PBXGroup;
			children = (
				29B2ADBD2BDBA402002D11D8 /* Extentions */,
				29B2ADBA2BDB9354002D11D8 /* Dependency */,
				29B2ADB72BDAD157002D11D8 /* Managers */,
				295D81FF2BD3E31400D1C431 /* Draft */,
				2944D6D92BC870FD001F1A82 /* Scenes */,
				29DFDEB82BC50D9500791434 /* Colors */,
				29C162C12B848CC4002E185D /* MixPuzzleApp.swift */,
				29C162C52B848CC5002E185D /* Assets.xcassets */,
				29C162C72B848CC5002E185D /* MixPuzzle.entitlements */,
				29C162C82B848CC5002E185D /* Preview Content */,
			);
			path = MixPuzzle;
			sourceTree = "<group>";
		};
		29C162C82B848CC5002E185D /* Preview Content */ = {
			isa = PBXGroup;
			children = (
				29C162C92B848CC5002E185D /* Preview Assets.xcassets */,
			);
			path = "Preview Content";
			sourceTree = "<group>";
		};
		29C162D02B848D53002E185D /* Menu */ = {
			isa = PBXGroup;
			children = (
				2979B7162BBFDF03000839D3 /* View */,
				2979B7152BBFDEF5000839D3 /* Scene */,
			);
			path = Menu;
			sourceTree = "<group>";
		};
		29DFDEB82BC50D9500791434 /* Colors */ = {
			isa = PBXGroup;
			children = (
				29DFDEB92BC50D9500791434 /* Colors.swift */,
				29DFDEBA2BC50D9500791434 /* Colors.xcassets */,
			);
			path = Colors;
			sourceTree = "<group>";
		};
		29EB775B2B872DF900A494A0 /* Start */ = {
			isa = PBXGroup;
			children = (
				2979B7122BBFDE25000839D3 /* View */,
				2979B7112BBFDDB3000839D3 /* Scene */,
			);
			path = Start;
			sourceTree = "<group>";
		};
/* End PBXGroup section */

/* Begin PBXNativeTarget section */
		29C162BD2B848CC4002E185D /* MixPuzzle */ = {
			isa = PBXNativeTarget;
			buildConfigurationList = 29C162CD2B848CC5002E185D /* Build configuration list for PBXNativeTarget "MixPuzzle" */;
			buildPhases = (
				29C162BA2B848CC4002E185D /* Sources */,
				29C162BB2B848CC4002E185D /* Frameworks */,
				29C162BC2B848CC4002E185D /* Resources */,
			);
			buildRules = (
			);
			dependencies = (
			);
			name = MixPuzzle;
			packageProductDependencies = (
				29D3D1A52B8A134700E3EE6A /* MFPuzzle */,
			);
			productName = MixPuzzle;
			productReference = 29C162BE2B848CC4002E185D /* MixPuzzle.app */;
			productType = "com.apple.product-type.application";
		};
/* End PBXNativeTarget section */

/* Begin PBXProject section */
		29C162B62B848CC3002E185D /* Project object */ = {
			isa = PBXProject;
			attributes = {
				BuildIndependentTargetsInParallel = 1;
				LastSwiftUpdateCheck = 1520;
				LastUpgradeCheck = 1520;
				TargetAttributes = {
					29C162BD2B848CC4002E185D = {
						CreatedOnToolsVersion = 15.2;
					};
				};
			};
			buildConfigurationList = 29C162B92B848CC3002E185D /* Build configuration list for PBXProject "MixPuzzle" */;
			compatibilityVersion = "Xcode 14.0";
			developmentRegion = en;
			hasScannedForEncodings = 0;
			knownRegions = (
				en,
				Base,
			);
			mainGroup = 29C162B52B848CC3002E185D;
			packageReferences = (
				29D3D1A42B8A134700E3EE6A /* XCRemoteSwiftPackageReference "MFPuzzle" */,
			);
			productRefGroup = 29C162BF2B848CC4002E185D /* Products */;
			projectDirPath = "";
			projectRoot = "";
			targets = (
				29C162BD2B848CC4002E185D /* MixPuzzle */,
			);
		};
/* End PBXProject section */

/* Begin PBXResourcesBuildPhase section */
		29C162BC2B848CC4002E185D /* Resources */ = {
			isa = PBXResourcesBuildPhase;
			buildActionMask = 2147483647;
			files = (
				29C162CA2B848CC5002E185D /* Preview Assets.xcassets in Resources */,
				29DFDEBC2BC50D9500791434 /* Colors.xcassets in Resources */,
				29C162C62B848CC5002E185D /* Assets.xcassets in Resources */,
				29C162D42B8491DA002E185D /* puzzle.scnassets in Resources */,
			);
			runOnlyForDeploymentPostprocessing = 0;
		};
/* End PBXResourcesBuildPhase section */

/* Begin PBXSourcesBuildPhase section */
		29C162BA2B848CC4002E185D /* Sources */ = {
			isa = PBXSourcesBuildPhase;
			buildActionMask = 2147483647;
			files = (
				2979B7142BBFDE5D000839D3 /* StartSceneWrapper.swift in Sources */,
				29B2ADBC2BDB9369002D11D8 /* Dependency.swift in Sources */,
				29EB775D2B872E0D00A494A0 /* StartView.swift in Sources */,
				29D3D1A32B8A0BF600E3EE6A /* StartScene.swift in Sources */,
				294E6E3A2BD27B9B00B615F1 /* CubeButtonView.swift in Sources */,
				2944D6DC2BC871A6001F1A82 /* SettingsCubeView.swift in Sources */,
				2944D6E52BC916F9001F1A82 /* SettingsCubeFactory.swift in Sources */,
				29B2ADBF2BDBA415002D11D8 /* Ext+Color.swift in Sources */,
				2956CE762BCED46A00F17C01 /* NavigationBar.swift in Sources */,
				2944D6DF2BC91166001F1A82 /* BackButtonToolbarItem.swift in Sources */,
				29C162D22B848D89002E185D /* MenuScene.swift in Sources */,
				2944D6E72BC91770001F1A82 /* SettingsCubeScene.swift in Sources */,
				29A070332B91A5940078EB8D /* StartFactory.swift in Sources */,
				29DFDEBB2BC50D9500791434 /* Colors.swift in Sources */,
				29C162C42B848CC4002E185D /* MenuView.swift in Sources */,
				291A07EE2BC173D6008B4246 /* StartScoreView.swift in Sources */,
				29B2ADB92BDAD18A002D11D8 /* SettingsStorage.swift in Sources */,
				2944D6EE2BCC4FFD001F1A82 /* CubeWorker.swift in Sources */,
				29DFDEBE2BC5177F00791434 /* OptionsSectionsView.swift in Sources */,
				291A07F12BC198F8008B4246 /* StarsWorker.swift in Sources */,
				29A225492B89E0C5009ECD1C /* OptionsView.swift in Sources */,
				2979B7182BBFDF3C000839D3 /* MenuSceneWrapper.swift in Sources */,
				29C162C22B848CC4002E185D /* MixPuzzleApp.swift in Sources */,
				2944D6EC2BCC4C94001F1A82 /* ImageWorker.swift in Sources */,
				2985064E2B8B53A300028FA9 /* BoxesWorker.swift in Sources */,
				2944D6E32BC9163C001F1A82 /* SettingsCubeWrapper.swift in Sources */,
			);
			runOnlyForDeploymentPostprocessing = 0;
		};
/* End PBXSourcesBuildPhase section */

/* Begin XCBuildConfiguration section */
		29C162CB2B848CC5002E185D /* Debug */ = {
			isa = XCBuildConfiguration;
			buildSettings = {
				ALWAYS_SEARCH_USER_PATHS = NO;
				ASSETCATALOG_COMPILER_GENERATE_SWIFT_ASSET_SYMBOL_EXTENSIONS = YES;
				CLANG_ANALYZER_NONNULL = YES;
				CLANG_ANALYZER_NUMBER_OBJECT_CONVERSION = YES_AGGRESSIVE;
				CLANG_CXX_LANGUAGE_STANDARD = "gnu++20";
				CLANG_ENABLE_MODULES = YES;
				CLANG_ENABLE_OBJC_ARC = YES;
				CLANG_ENABLE_OBJC_WEAK = YES;
				CLANG_WARN_BLOCK_CAPTURE_AUTORELEASING = YES;
				CLANG_WARN_BOOL_CONVERSION = YES;
				CLANG_WARN_COMMA = YES;
				CLANG_WARN_CONSTANT_CONVERSION = YES;
				CLANG_WARN_DEPRECATED_OBJC_IMPLEMENTATIONS = YES;
				CLANG_WARN_DIRECT_OBJC_ISA_USAGE = YES_ERROR;
				CLANG_WARN_DOCUMENTATION_COMMENTS = YES;
				CLANG_WARN_EMPTY_BODY = YES;
				CLANG_WARN_ENUM_CONVERSION = YES;
				CLANG_WARN_INFINITE_RECURSION = YES;
				CLANG_WARN_INT_CONVERSION = YES;
				CLANG_WARN_NON_LITERAL_NULL_CONVERSION = YES;
				CLANG_WARN_OBJC_IMPLICIT_RETAIN_SELF = YES;
				CLANG_WARN_OBJC_LITERAL_CONVERSION = YES;
				CLANG_WARN_OBJC_ROOT_CLASS = YES_ERROR;
				CLANG_WARN_QUOTED_INCLUDE_IN_FRAMEWORK_HEADER = YES;
				CLANG_WARN_RANGE_LOOP_ANALYSIS = YES;
				CLANG_WARN_STRICT_PROTOTYPES = YES;
				CLANG_WARN_SUSPICIOUS_MOVE = YES;
				CLANG_WARN_UNGUARDED_AVAILABILITY = YES_AGGRESSIVE;
				CLANG_WARN_UNREACHABLE_CODE = YES;
				CLANG_WARN__DUPLICATE_METHOD_MATCH = YES;
				COPY_PHASE_STRIP = NO;
				DEBUG_INFORMATION_FORMAT = dwarf;
				ENABLE_STRICT_OBJC_MSGSEND = YES;
				ENABLE_TESTABILITY = YES;
				ENABLE_USER_SCRIPT_SANDBOXING = YES;
				GCC_C_LANGUAGE_STANDARD = gnu17;
				GCC_DYNAMIC_NO_PIC = NO;
				GCC_NO_COMMON_BLOCKS = YES;
				GCC_OPTIMIZATION_LEVEL = 0;
				GCC_PREPROCESSOR_DEFINITIONS = (
					"DEBUG=1",
					"$(inherited)",
				);
				GCC_WARN_64_TO_32_BIT_CONVERSION = YES;
				GCC_WARN_ABOUT_RETURN_TYPE = YES_ERROR;
				GCC_WARN_UNDECLARED_SELECTOR = YES;
				GCC_WARN_UNINITIALIZED_AUTOS = YES_AGGRESSIVE;
				GCC_WARN_UNUSED_FUNCTION = YES;
				GCC_WARN_UNUSED_VARIABLE = YES;
				IPHONEOS_DEPLOYMENT_TARGET = 15;
				LOCALIZATION_PREFERS_STRING_CATALOGS = YES;
				MACOSX_DEPLOYMENT_TARGET = 13;
				MTL_ENABLE_DEBUG_INFO = INCLUDE_SOURCE;
				MTL_FAST_MATH = YES;
				ONLY_ACTIVE_ARCH = YES;
				SWIFT_ACTIVE_COMPILATION_CONDITIONS = "DEBUG $(inherited)";
				SWIFT_OPTIMIZATION_LEVEL = "-Onone";
			};
			name = Debug;
		};
		29C162CC2B848CC5002E185D /* Release */ = {
			isa = XCBuildConfiguration;
			buildSettings = {
				ALWAYS_SEARCH_USER_PATHS = NO;
				ASSETCATALOG_COMPILER_GENERATE_SWIFT_ASSET_SYMBOL_EXTENSIONS = YES;
				CLANG_ANALYZER_NONNULL = YES;
				CLANG_ANALYZER_NUMBER_OBJECT_CONVERSION = YES_AGGRESSIVE;
				CLANG_CXX_LANGUAGE_STANDARD = "gnu++20";
				CLANG_ENABLE_MODULES = YES;
				CLANG_ENABLE_OBJC_ARC = YES;
				CLANG_ENABLE_OBJC_WEAK = YES;
				CLANG_WARN_BLOCK_CAPTURE_AUTORELEASING = YES;
				CLANG_WARN_BOOL_CONVERSION = YES;
				CLANG_WARN_COMMA = YES;
				CLANG_WARN_CONSTANT_CONVERSION = YES;
				CLANG_WARN_DEPRECATED_OBJC_IMPLEMENTATIONS = YES;
				CLANG_WARN_DIRECT_OBJC_ISA_USAGE = YES_ERROR;
				CLANG_WARN_DOCUMENTATION_COMMENTS = YES;
				CLANG_WARN_EMPTY_BODY = YES;
				CLANG_WARN_ENUM_CONVERSION = YES;
				CLANG_WARN_INFINITE_RECURSION = YES;
				CLANG_WARN_INT_CONVERSION = YES;
				CLANG_WARN_NON_LITERAL_NULL_CONVERSION = YES;
				CLANG_WARN_OBJC_IMPLICIT_RETAIN_SELF = YES;
				CLANG_WARN_OBJC_LITERAL_CONVERSION = YES;
				CLANG_WARN_OBJC_ROOT_CLASS = YES_ERROR;
				CLANG_WARN_QUOTED_INCLUDE_IN_FRAMEWORK_HEADER = YES;
				CLANG_WARN_RANGE_LOOP_ANALYSIS = YES;
				CLANG_WARN_STRICT_PROTOTYPES = YES;
				CLANG_WARN_SUSPICIOUS_MOVE = YES;
				CLANG_WARN_UNGUARDED_AVAILABILITY = YES_AGGRESSIVE;
				CLANG_WARN_UNREACHABLE_CODE = YES;
				CLANG_WARN__DUPLICATE_METHOD_MATCH = YES;
				COPY_PHASE_STRIP = NO;
				DEBUG_INFORMATION_FORMAT = "dwarf-with-dsym";
				ENABLE_NS_ASSERTIONS = NO;
				ENABLE_STRICT_OBJC_MSGSEND = YES;
				ENABLE_USER_SCRIPT_SANDBOXING = YES;
				GCC_C_LANGUAGE_STANDARD = gnu17;
				GCC_NO_COMMON_BLOCKS = YES;
				GCC_WARN_64_TO_32_BIT_CONVERSION = YES;
				GCC_WARN_ABOUT_RETURN_TYPE = YES_ERROR;
				GCC_WARN_UNDECLARED_SELECTOR = YES;
				GCC_WARN_UNINITIALIZED_AUTOS = YES_AGGRESSIVE;
				GCC_WARN_UNUSED_FUNCTION = YES;
				GCC_WARN_UNUSED_VARIABLE = YES;
				IPHONEOS_DEPLOYMENT_TARGET = 15;
				LOCALIZATION_PREFERS_STRING_CATALOGS = YES;
				MACOSX_DEPLOYMENT_TARGET = 13;
				MTL_ENABLE_DEBUG_INFO = NO;
				MTL_FAST_MATH = YES;
				SWIFT_COMPILATION_MODE = wholemodule;
			};
			name = Release;
		};
		29C162CE2B848CC5002E185D /* Debug */ = {
			isa = XCBuildConfiguration;
			buildSettings = {
				ASSETCATALOG_COMPILER_APPICON_NAME = AppIcon;
				ASSETCATALOG_COMPILER_GLOBAL_ACCENT_COLOR_NAME = AccentColor;
				CODE_SIGN_ENTITLEMENTS = MixPuzzle/MixPuzzle.entitlements;
				CODE_SIGN_STYLE = Automatic;
				CURRENT_PROJECT_VERSION = 1;
				DEVELOPMENT_ASSET_PATHS = "\"MixPuzzle/Preview Content\"";
				DEVELOPMENT_TEAM = 7SNPDG93FF;
				ENABLE_HARDENED_RUNTIME = YES;
				ENABLE_PREVIEWS = YES;
				GENERATE_INFOPLIST_FILE = YES;
				INFOPLIST_KEY_LSApplicationCategoryType = "public.app-category.games";
				"INFOPLIST_KEY_UIApplicationSceneManifest_Generation[sdk=iphoneos*]" = YES;
				"INFOPLIST_KEY_UIApplicationSceneManifest_Generation[sdk=iphonesimulator*]" = YES;
				"INFOPLIST_KEY_UIApplicationSupportsIndirectInputEvents[sdk=iphoneos*]" = YES;
				"INFOPLIST_KEY_UIApplicationSupportsIndirectInputEvents[sdk=iphonesimulator*]" = YES;
				"INFOPLIST_KEY_UILaunchScreen_Generation[sdk=iphoneos*]" = YES;
				"INFOPLIST_KEY_UILaunchScreen_Generation[sdk=iphonesimulator*]" = YES;
				"INFOPLIST_KEY_UIStatusBarStyle[sdk=iphoneos*]" = UIStatusBarStyleDefault;
				"INFOPLIST_KEY_UIStatusBarStyle[sdk=iphonesimulator*]" = UIStatusBarStyleDefault;
				INFOPLIST_KEY_UISupportedInterfaceOrientations = UIInterfaceOrientationPortrait;
				IPHONEOS_DEPLOYMENT_TARGET = 15.0;
				LD_RUNPATH_SEARCH_PATHS = "@executable_path/Frameworks";
				"LD_RUNPATH_SEARCH_PATHS[sdk=macosx*]" = "@executable_path/../Frameworks";
				MACOSX_DEPLOYMENT_TARGET = 13.0;
				MARKETING_VERSION = 1.0;
				PRODUCT_BUNDLE_IDENTIFIER = ru.mixfon.MixPuzzle;
				PRODUCT_NAME = "$(TARGET_NAME)";
				SDKROOT = auto;
				SUPPORTED_PLATFORMS = "iphoneos iphonesimulator macosx";
				SWIFT_EMIT_LOC_STRINGS = YES;
				SWIFT_VERSION = 5.0;
				TARGETED_DEVICE_FAMILY = "1,2";
			};
			name = Debug;
		};
		29C162CF2B848CC5002E185D /* Release */ = {
			isa = XCBuildConfiguration;
			buildSettings = {
				ASSETCATALOG_COMPILER_APPICON_NAME = AppIcon;
				ASSETCATALOG_COMPILER_GLOBAL_ACCENT_COLOR_NAME = AccentColor;
				CODE_SIGN_ENTITLEMENTS = MixPuzzle/MixPuzzle.entitlements;
				CODE_SIGN_STYLE = Automatic;
				CURRENT_PROJECT_VERSION = 1;
				DEVELOPMENT_ASSET_PATHS = "\"MixPuzzle/Preview Content\"";
				DEVELOPMENT_TEAM = 7SNPDG93FF;
				ENABLE_HARDENED_RUNTIME = YES;
				ENABLE_PREVIEWS = YES;
				GENERATE_INFOPLIST_FILE = YES;
				INFOPLIST_KEY_LSApplicationCategoryType = "public.app-category.games";
				"INFOPLIST_KEY_UIApplicationSceneManifest_Generation[sdk=iphoneos*]" = YES;
				"INFOPLIST_KEY_UIApplicationSceneManifest_Generation[sdk=iphonesimulator*]" = YES;
				"INFOPLIST_KEY_UIApplicationSupportsIndirectInputEvents[sdk=iphoneos*]" = YES;
				"INFOPLIST_KEY_UIApplicationSupportsIndirectInputEvents[sdk=iphonesimulator*]" = YES;
				"INFOPLIST_KEY_UILaunchScreen_Generation[sdk=iphoneos*]" = YES;
				"INFOPLIST_KEY_UILaunchScreen_Generation[sdk=iphonesimulator*]" = YES;
				"INFOPLIST_KEY_UIStatusBarStyle[sdk=iphoneos*]" = UIStatusBarStyleDefault;
				"INFOPLIST_KEY_UIStatusBarStyle[sdk=iphonesimulator*]" = UIStatusBarStyleDefault;
				INFOPLIST_KEY_UISupportedInterfaceOrientations = UIInterfaceOrientationPortrait;
				IPHONEOS_DEPLOYMENT_TARGET = 15.0;
				LD_RUNPATH_SEARCH_PATHS = "@executable_path/Frameworks";
				"LD_RUNPATH_SEARCH_PATHS[sdk=macosx*]" = "@executable_path/../Frameworks";
				MACOSX_DEPLOYMENT_TARGET = 13.0;
				MARKETING_VERSION = 1.0;
				PRODUCT_BUNDLE_IDENTIFIER = ru.mixfon.MixPuzzle;
				PRODUCT_NAME = "$(TARGET_NAME)";
				SDKROOT = auto;
				SUPPORTED_PLATFORMS = "iphoneos iphonesimulator macosx";
				SWIFT_EMIT_LOC_STRINGS = YES;
				SWIFT_VERSION = 5.0;
				TARGETED_DEVICE_FAMILY = "1,2";
			};
			name = Release;
		};
/* End XCBuildConfiguration section */

/* Begin XCConfigurationList section */
		29C162B92B848CC3002E185D /* Build configuration list for PBXProject "MixPuzzle" */ = {
			isa = XCConfigurationList;
			buildConfigurations = (
				29C162CB2B848CC5002E185D /* Debug */,
				29C162CC2B848CC5002E185D /* Release */,
			);
			defaultConfigurationIsVisible = 0;
			defaultConfigurationName = Release;
		};
		29C162CD2B848CC5002E185D /* Build configuration list for PBXNativeTarget "MixPuzzle" */ = {
			isa = XCConfigurationList;
			buildConfigurations = (
				29C162CE2B848CC5002E185D /* Debug */,
				29C162CF2B848CC5002E185D /* Release */,
			);
			defaultConfigurationIsVisible = 0;
			defaultConfigurationName = Release;
		};
/* End XCConfigurationList section */

/* Begin XCRemoteSwiftPackageReference section */
		29D3D1A42B8A134700E3EE6A /* XCRemoteSwiftPackageReference "MFPuzzle" */ = {
			isa = XCRemoteSwiftPackageReference;
			repositoryURL = "git@github.com:MixFon/MFPuzzle.git";
			requirement = {
				branch = main;
				kind = branch;
			};
		};
/* End XCRemoteSwiftPackageReference section */

/* Begin XCSwiftPackageProductDependency section */
		29D3D1A52B8A134700E3EE6A /* MFPuzzle */ = {
			isa = XCSwiftPackageProductDependency;
			package = 29D3D1A42B8A134700E3EE6A /* XCRemoteSwiftPackageReference "MFPuzzle" */;
			productName = MFPuzzle;
		};
/* End XCSwiftPackageProductDependency section */
	};
	rootObject = 29C162B62B848CC3002E185D /* Project object */;
}
