// !$*UTF8*$!
{
	archiveVersion = 1;
	classes = {
	};
	objectVersion = 56;
	objects = {

/* Begin PBXBuildFile section */
		2900FC7C2D04247C009F3C07 /* StartState.swift in Sources */ = {isa = PBXBuildFile; fileRef = 2900FC7B2D04247C009F3C07 /* StartState.swift */; };
		2900FC7E2D042564009F3C07 /* ManageShakeMode.swift in Sources */ = {isa = PBXBuildFile; fileRef = 2900FC7D2D042564009F3C07 /* ManageShakeMode.swift */; };
		2901B4D62C1B92D80015E9A3 /* StatisticsWorker.swift in Sources */ = {isa = PBXBuildFile; fileRef = 2901B4D52C1B92D80015E9A3 /* StatisticsWorker.swift */; };
		2901B4D82C1C1CF50015E9A3 /* Decoder.swift in Sources */ = {isa = PBXBuildFile; fileRef = 2901B4D72C1C1CF50015E9A3 /* Decoder.swift */; };
		290441252C0CC224009A58E2 /* LoadingView.swift in Sources */ = {isa = PBXBuildFile; fileRef = 290441242C0CC224009A58E2 /* LoadingView.swift */; };
		290441272C0CC389009A58E2 /* Squeres.swift in Sources */ = {isa = PBXBuildFile; fileRef = 290441262C0CC389009A58E2 /* Squeres.swift */; };
		29051C722BE0DDF20064ABF0 /* Snackbar.swift in Sources */ = {isa = PBXBuildFile; fileRef = 29051C712BE0DDF20064ABF0 /* Snackbar.swift */; };
		29051C742BE0E6AB0064ABF0 /* Ext+View.swift in Sources */ = {isa = PBXBuildFile; fileRef = 29051C732BE0E6AB0064ABF0 /* Ext+View.swift */; };
		291A07EE2BC173D6008B4246 /* StartScoreView.swift in Sources */ = {isa = PBXBuildFile; fileRef = 291A07ED2BC173D6008B4246 /* StartScoreView.swift */; };
		291A07F12BC198F8008B4246 /* AsteroidsWorker.swift in Sources */ = {isa = PBXBuildFile; fileRef = 291A07F02BC198F8008B4246 /* AsteroidsWorker.swift */; };
		2930F1A62D1DCABF00D49632 /* RotationWorker.swift in Sources */ = {isa = PBXBuildFile; fileRef = 2930F1A52D1DCABF00D49632 /* RotationWorker.swift */; };
		293C73BF2BDFCCC900E183B5 /* SettingsAsteroids.swift in Sources */ = {isa = PBXBuildFile; fileRef = 293C73BE2BDFCCC900E183B5 /* SettingsAsteroids.swift */; };
		293C73C12BDFCDAF00E183B5 /* SettingsCubeStorage.swift in Sources */ = {isa = PBXBuildFile; fileRef = 293C73C02BDFCDAF00E183B5 /* SettingsCubeStorage.swift */; };
		293C73C32BDFCE0700E183B5 /* SettingsAsteroidsStorage.swift in Sources */ = {isa = PBXBuildFile; fileRef = 293C73C22BDFCE0700E183B5 /* SettingsAsteroidsStorage.swift */; };
		2944D6DC2BC871A6001F1A82 /* SettingsCubeView.swift in Sources */ = {isa = PBXBuildFile; fileRef = 2944D6DB2BC871A6001F1A82 /* SettingsCubeView.swift */; };
		2944D6DF2BC91166001F1A82 /* BackButtonToolbarItem.swift in Sources */ = {isa = PBXBuildFile; fileRef = 2944D6DE2BC91166001F1A82 /* BackButtonToolbarItem.swift */; };
		2944D6E32BC9163C001F1A82 /* SettingsCubeWrapper.swift in Sources */ = {isa = PBXBuildFile; fileRef = 2944D6E22BC9163C001F1A82 /* SettingsCubeWrapper.swift */; };
		2944D6E52BC916F9001F1A82 /* SettingsCubeFactory.swift in Sources */ = {isa = PBXBuildFile; fileRef = 2944D6E42BC916F9001F1A82 /* SettingsCubeFactory.swift */; };
		2944D6E72BC91770001F1A82 /* SettingsCubeScene.swift in Sources */ = {isa = PBXBuildFile; fileRef = 2944D6E62BC9176F001F1A82 /* SettingsCubeScene.swift */; };
		2944D6EC2BCC4C94001F1A82 /* ImageWorker.swift in Sources */ = {isa = PBXBuildFile; fileRef = 2944D6EB2BCC4C94001F1A82 /* ImageWorker.swift */; };
		2944D6EE2BCC4FFD001F1A82 /* CubeWorker.swift in Sources */ = {isa = PBXBuildFile; fileRef = 2944D6ED2BCC4FFD001F1A82 /* CubeWorker.swift */; };
		2949A2612BF791F000043A62 /* TargetSelectionView.swift in Sources */ = {isa = PBXBuildFile; fileRef = 2949A2602BF791F000043A62 /* TargetSelectionView.swift */; };
		294E6E3A2BD27B9B00B615F1 /* CubeButtonView.swift in Sources */ = {isa = PBXBuildFile; fileRef = 294E6E392BD27B9B00B615F1 /* CubeButtonView.swift */; };
		2953EC5E2C15894700EC9834 /* CandyDropView.swift in Sources */ = {isa = PBXBuildFile; fileRef = 2953EC5D2C15894700EC9834 /* CandyDropView.swift */; };
		2956CE762BCED46A00F17C01 /* NavigationBar.swift in Sources */ = {isa = PBXBuildFile; fileRef = 2956CE752BCED46A00F17C01 /* NavigationBar.swift */; };
		296846CF2C0101200046862C /* ChooseMethodView.swift in Sources */ = {isa = PBXBuildFile; fileRef = 296846CE2C0101200046862C /* ChooseMethodView.swift */; };
		296846D32C01C6130046862C /* ManualFillingView.swift in Sources */ = {isa = PBXBuildFile; fileRef = 296846D22C01C6130046862C /* ManualFillingView.swift */; };
		296846D52C01D0070046862C /* LimitedTextField.swift in Sources */ = {isa = PBXBuildFile; fileRef = 296846D42C01D0070046862C /* LimitedTextField.swift */; };
		2979B7142BBFDE5D000839D3 /* StartSceneWrapper.swift in Sources */ = {isa = PBXBuildFile; fileRef = 2979B7132BBFDE5D000839D3 /* StartSceneWrapper.swift */; };
		2979B7182BBFDF3C000839D3 /* MenuSceneWrapper.swift in Sources */ = {isa = PBXBuildFile; fileRef = 2979B7172BBFDF3C000839D3 /* MenuSceneWrapper.swift */; };
		2980BC6E2BE7D9E500866895 /* GameWorker.swift in Sources */ = {isa = PBXBuildFile; fileRef = 2980BC6D2BE7D9E500866895 /* GameWorker.swift */; };
		2980BC702BE7F5D300866895 /* FileWorker.swift in Sources */ = {isa = PBXBuildFile; fileRef = 2980BC6F2BE7F5D300866895 /* FileWorker.swift */; };
		2980BC722BEA53A900866895 /* Workers.swift in Sources */ = {isa = PBXBuildFile; fileRef = 2980BC712BEA53A900866895 /* Workers.swift */; };
		2980BC782BEC136400866895 /* matrix.solution.mix in Resources */ = {isa = PBXBuildFile; fileRef = 2980BC762BEC136400866895 /* matrix.solution.mix */; };
		2980BC792BEC136400866895 /* matrix.mix in Resources */ = {isa = PBXBuildFile; fileRef = 2980BC772BEC136400866895 /* matrix.mix */; };
		2980BC7B2BED176D00866895 /* SelectLevelView.swift in Sources */ = {isa = PBXBuildFile; fileRef = 2980BC7A2BED176D00866895 /* SelectLevelView.swift */; };
		2980BC7E2BED1BE600866895 /* LevelSelectionView.swift in Sources */ = {isa = PBXBuildFile; fileRef = 2980BC7D2BED1BE600866895 /* LevelSelectionView.swift */; };
		2980BC802BED62D400866895 /* SettingsGameStorage.swift in Sources */ = {isa = PBXBuildFile; fileRef = 2980BC7F2BED62D400866895 /* SettingsGameStorage.swift */; };
		2985064E2B8B53A300028FA9 /* BoxesWorker.swift in Sources */ = {isa = PBXBuildFile; fileRef = 2985064D2B8B53A300028FA9 /* BoxesWorker.swift */; };
		29A070332B91A5940078EB8D /* StartFactory.swift in Sources */ = {isa = PBXBuildFile; fileRef = 29A070322B91A5940078EB8D /* StartFactory.swift */; };
		29A225492B89E0C5009ECD1C /* OptionsView.swift in Sources */ = {isa = PBXBuildFile; fileRef = 29A225482B89E0C5009ECD1C /* OptionsView.swift */; };
		29A49FD52C0C5C75006AF9DB /* MFPuzzle in Frameworks */ = {isa = PBXBuildFile; productRef = 29A49FD42C0C5C75006AF9DB /* MFPuzzle */; };
		29B2ADB92BDAD18A002D11D8 /* SettingsStorage.swift in Sources */ = {isa = PBXBuildFile; fileRef = 29B2ADB82BDAD18A002D11D8 /* SettingsStorage.swift */; };
		29B2ADBC2BDB9369002D11D8 /* Dependency.swift in Sources */ = {isa = PBXBuildFile; fileRef = 29B2ADBB2BDB9369002D11D8 /* Dependency.swift */; };
		29B2ADBF2BDBA415002D11D8 /* Ext+Color.swift in Sources */ = {isa = PBXBuildFile; fileRef = 29B2ADBE2BDBA415002D11D8 /* Ext+Color.swift */; };
		29B8B3E12D018B8800A3AEF4 /* LongPress.swift in Sources */ = {isa = PBXBuildFile; fileRef = 29B8B3E02D018B8800A3AEF4 /* LongPress.swift */; };
		29C162C22B848CC4002E185D /* MixPuzzleApp.swift in Sources */ = {isa = PBXBuildFile; fileRef = 29C162C12B848CC4002E185D /* MixPuzzleApp.swift */; };
		29C162C42B848CC4002E185D /* MenuView.swift in Sources */ = {isa = PBXBuildFile; fileRef = 29C162C32B848CC4002E185D /* MenuView.swift */; };
		29C162C62B848CC5002E185D /* Assets.xcassets in Resources */ = {isa = PBXBuildFile; fileRef = 29C162C52B848CC5002E185D /* Assets.xcassets */; };
		29C162CA2B848CC5002E185D /* Preview Assets.xcassets in Resources */ = {isa = PBXBuildFile; fileRef = 29C162C92B848CC5002E185D /* Preview Assets.xcassets */; };
		29C162D22B848D89002E185D /* MenuScene.swift in Sources */ = {isa = PBXBuildFile; fileRef = 29C162D12B848D89002E185D /* MenuScene.swift */; };
		29C162D42B8491DA002E185D /* puzzle.scnassets in Resources */ = {isa = PBXBuildFile; fileRef = 29C162D32B8491DA002E185D /* puzzle.scnassets */; };
		29D3D1A32B8A0BF600E3EE6A /* StartScene.swift in Sources */ = {isa = PBXBuildFile; fileRef = 29D3D1A22B8A0BF600E3EE6A /* StartScene.swift */; };
		29DBBA7D2C0BA43D0046179F /* VisualizationSolutionView.swift in Sources */ = {isa = PBXBuildFile; fileRef = 29DBBA7C2C0BA43D0046179F /* VisualizationSolutionView.swift */; };
		29DD46872C1E098E000FF047 /* StatisticsView.swift in Sources */ = {isa = PBXBuildFile; fileRef = 29DD46862C1E098E000FF047 /* StatisticsView.swift */; };
		29DEED112BDECD6600DCE4EB /* MaterialsWorker.swift in Sources */ = {isa = PBXBuildFile; fileRef = 29DEED102BDECD6600DCE4EB /* MaterialsWorker.swift */; };
		29DFDEBB2BC50D9500791434 /* Colors.swift in Sources */ = {isa = PBXBuildFile; fileRef = 29DFDEB92BC50D9500791434 /* Colors.swift */; };
		29DFDEBC2BC50D9500791434 /* Colors.xcassets in Resources */ = {isa = PBXBuildFile; fileRef = 29DFDEBA2BC50D9500791434 /* Colors.xcassets */; };
		29DFDEBE2BC5177F00791434 /* OptionsSectionsView.swift in Sources */ = {isa = PBXBuildFile; fileRef = 29DFDEBD2BC5177F00791434 /* OptionsSectionsView.swift */; };
		29EB775D2B872E0D00A494A0 /* StartView.swift in Sources */ = {isa = PBXBuildFile; fileRef = 29EB775C2B872E0D00A494A0 /* StartView.swift */; };
		29FCC9642C0C4A3E003604AD /* Ext+Compass.swift in Sources */ = {isa = PBXBuildFile; fileRef = 29FCC9632C0C4A3E003604AD /* Ext+Compass.swift */; };
		29FDAA552C20C03200EFD8DD /* SwiftUIView.swift in Sources */ = {isa = PBXBuildFile; fileRef = 29FDAA542C20C03200EFD8DD /* SwiftUIView.swift */; };
		29FDAA572C20C82F00EFD8DD /* TextNodeWorker.swift in Sources */ = {isa = PBXBuildFile; fileRef = 29FDAA562C20C82F00EFD8DD /* TextNodeWorker.swift */; };
/* End PBXBuildFile section */

/* Begin PBXFileReference section */
		2900FC7B2D04247C009F3C07 /* StartState.swift */ = {isa = PBXFileReference; lastKnownFileType = sourcecode.swift; path = StartState.swift; sourceTree = "<group>"; };
		2900FC7D2D042564009F3C07 /* ManageShakeMode.swift */ = {isa = PBXFileReference; lastKnownFileType = sourcecode.swift; path = ManageShakeMode.swift; sourceTree = "<group>"; };
		2901B4D52C1B92D80015E9A3 /* StatisticsWorker.swift */ = {isa = PBXFileReference; lastKnownFileType = sourcecode.swift; path = StatisticsWorker.swift; sourceTree = "<group>"; };
		2901B4D72C1C1CF50015E9A3 /* Decoder.swift */ = {isa = PBXFileReference; lastKnownFileType = sourcecode.swift; path = Decoder.swift; sourceTree = "<group>"; };
		290441242C0CC224009A58E2 /* LoadingView.swift */ = {isa = PBXFileReference; lastKnownFileType = sourcecode.swift; path = LoadingView.swift; sourceTree = "<group>"; };
		290441262C0CC389009A58E2 /* Squeres.swift */ = {isa = PBXFileReference; lastKnownFileType = sourcecode.swift; path = Squeres.swift; sourceTree = "<group>"; };
		29051C712BE0DDF20064ABF0 /* Snackbar.swift */ = {isa = PBXFileReference; lastKnownFileType = sourcecode.swift; path = Snackbar.swift; sourceTree = "<group>"; };
		29051C732BE0E6AB0064ABF0 /* Ext+View.swift */ = {isa = PBXFileReference; lastKnownFileType = sourcecode.swift; path = "Ext+View.swift"; sourceTree = "<group>"; };
		291A07ED2BC173D6008B4246 /* StartScoreView.swift */ = {isa = PBXFileReference; lastKnownFileType = sourcecode.swift; path = StartScoreView.swift; sourceTree = "<group>"; };
		291A07F02BC198F8008B4246 /* AsteroidsWorker.swift */ = {isa = PBXFileReference; lastKnownFileType = sourcecode.swift; path = AsteroidsWorker.swift; sourceTree = "<group>"; };
		2930F1A52D1DCABF00D49632 /* RotationWorker.swift */ = {isa = PBXFileReference; lastKnownFileType = sourcecode.swift; path = RotationWorker.swift; sourceTree = "<group>"; };
		293C73BE2BDFCCC900E183B5 /* SettingsAsteroids.swift */ = {isa = PBXFileReference; lastKnownFileType = sourcecode.swift; path = SettingsAsteroids.swift; sourceTree = "<group>"; };
		293C73C02BDFCDAF00E183B5 /* SettingsCubeStorage.swift */ = {isa = PBXFileReference; lastKnownFileType = sourcecode.swift; path = SettingsCubeStorage.swift; sourceTree = "<group>"; };
		293C73C22BDFCE0700E183B5 /* SettingsAsteroidsStorage.swift */ = {isa = PBXFileReference; lastKnownFileType = sourcecode.swift; path = SettingsAsteroidsStorage.swift; sourceTree = "<group>"; };
		2944D6DB2BC871A6001F1A82 /* SettingsCubeView.swift */ = {isa = PBXFileReference; lastKnownFileType = sourcecode.swift; path = SettingsCubeView.swift; sourceTree = "<group>"; };
		2944D6DE2BC91166001F1A82 /* BackButtonToolbarItem.swift */ = {isa = PBXFileReference; lastKnownFileType = sourcecode.swift; path = BackButtonToolbarItem.swift; sourceTree = "<group>"; };
		2944D6E22BC9163C001F1A82 /* SettingsCubeWrapper.swift */ = {isa = PBXFileReference; lastKnownFileType = sourcecode.swift; path = SettingsCubeWrapper.swift; sourceTree = "<group>"; };
		2944D6E42BC916F9001F1A82 /* SettingsCubeFactory.swift */ = {isa = PBXFileReference; lastKnownFileType = sourcecode.swift; path = SettingsCubeFactory.swift; sourceTree = "<group>"; };
		2944D6E62BC9176F001F1A82 /* SettingsCubeScene.swift */ = {isa = PBXFileReference; lastKnownFileType = sourcecode.swift; path = SettingsCubeScene.swift; sourceTree = "<group>"; };
		2944D6EB2BCC4C94001F1A82 /* ImageWorker.swift */ = {isa = PBXFileReference; lastKnownFileType = sourcecode.swift; path = ImageWorker.swift; sourceTree = "<group>"; };
		2944D6ED2BCC4FFD001F1A82 /* CubeWorker.swift */ = {isa = PBXFileReference; lastKnownFileType = sourcecode.swift; path = CubeWorker.swift; sourceTree = "<group>"; };
		2949A2602BF791F000043A62 /* TargetSelectionView.swift */ = {isa = PBXFileReference; lastKnownFileType = sourcecode.swift; path = TargetSelectionView.swift; sourceTree = "<group>"; };
		294E6E392BD27B9B00B615F1 /* CubeButtonView.swift */ = {isa = PBXFileReference; lastKnownFileType = sourcecode.swift; path = CubeButtonView.swift; sourceTree = "<group>"; };
		2953EC5D2C15894700EC9834 /* CandyDropView.swift */ = {isa = PBXFileReference; lastKnownFileType = sourcecode.swift; path = CandyDropView.swift; sourceTree = "<group>"; };
		2956CE752BCED46A00F17C01 /* NavigationBar.swift */ = {isa = PBXFileReference; lastKnownFileType = sourcecode.swift; path = NavigationBar.swift; sourceTree = "<group>"; };
		296846CE2C0101200046862C /* ChooseMethodView.swift */ = {isa = PBXFileReference; lastKnownFileType = sourcecode.swift; path = ChooseMethodView.swift; sourceTree = "<group>"; };
		296846D22C01C6130046862C /* ManualFillingView.swift */ = {isa = PBXFileReference; lastKnownFileType = sourcecode.swift; path = ManualFillingView.swift; sourceTree = "<group>"; };
		296846D42C01D0070046862C /* LimitedTextField.swift */ = {isa = PBXFileReference; lastKnownFileType = sourcecode.swift; path = LimitedTextField.swift; sourceTree = "<group>"; };
		2979B7132BBFDE5D000839D3 /* StartSceneWrapper.swift */ = {isa = PBXFileReference; lastKnownFileType = sourcecode.swift; path = StartSceneWrapper.swift; sourceTree = "<group>"; };
		2979B7172BBFDF3C000839D3 /* MenuSceneWrapper.swift */ = {isa = PBXFileReference; lastKnownFileType = sourcecode.swift; path = MenuSceneWrapper.swift; sourceTree = "<group>"; };
		2980BC6D2BE7D9E500866895 /* GameWorker.swift */ = {isa = PBXFileReference; lastKnownFileType = sourcecode.swift; path = GameWorker.swift; sourceTree = "<group>"; };
		2980BC6F2BE7F5D300866895 /* FileWorker.swift */ = {isa = PBXFileReference; lastKnownFileType = sourcecode.swift; path = FileWorker.swift; sourceTree = "<group>"; };
		2980BC712BEA53A900866895 /* Workers.swift */ = {isa = PBXFileReference; lastKnownFileType = sourcecode.swift; path = Workers.swift; sourceTree = "<group>"; };
		2980BC762BEC136400866895 /* matrix.solution.mix */ = {isa = PBXFileReference; fileEncoding = 4; lastKnownFileType = text; path = matrix.solution.mix; sourceTree = "<group>"; };
		2980BC772BEC136400866895 /* matrix.mix */ = {isa = PBXFileReference; fileEncoding = 4; lastKnownFileType = text; path = matrix.mix; sourceTree = "<group>"; };
		2980BC7A2BED176D00866895 /* SelectLevelView.swift */ = {isa = PBXFileReference; lastKnownFileType = sourcecode.swift; path = SelectLevelView.swift; sourceTree = "<group>"; };
		2980BC7D2BED1BE600866895 /* LevelSelectionView.swift */ = {isa = PBXFileReference; lastKnownFileType = sourcecode.swift; path = LevelSelectionView.swift; sourceTree = "<group>"; };
		2980BC7F2BED62D400866895 /* SettingsGameStorage.swift */ = {isa = PBXFileReference; lastKnownFileType = sourcecode.swift; path = SettingsGameStorage.swift; sourceTree = "<group>"; };
		2985064D2B8B53A300028FA9 /* BoxesWorker.swift */ = {isa = PBXFileReference; lastKnownFileType = sourcecode.swift; path = BoxesWorker.swift; sourceTree = "<group>"; };
		29A070322B91A5940078EB8D /* StartFactory.swift */ = {isa = PBXFileReference; lastKnownFileType = sourcecode.swift; path = StartFactory.swift; sourceTree = "<group>"; };
		29A225482B89E0C5009ECD1C /* OptionsView.swift */ = {isa = PBXFileReference; lastKnownFileType = sourcecode.swift; path = OptionsView.swift; sourceTree = "<group>"; };
		29B2ADB82BDAD18A002D11D8 /* SettingsStorage.swift */ = {isa = PBXFileReference; lastKnownFileType = sourcecode.swift; path = SettingsStorage.swift; sourceTree = "<group>"; };
		29B2ADBB2BDB9369002D11D8 /* Dependency.swift */ = {isa = PBXFileReference; lastKnownFileType = sourcecode.swift; path = Dependency.swift; sourceTree = "<group>"; };
		29B2ADBE2BDBA415002D11D8 /* Ext+Color.swift */ = {isa = PBXFileReference; lastKnownFileType = sourcecode.swift; path = "Ext+Color.swift"; sourceTree = "<group>"; };
		29B8B3E02D018B8800A3AEF4 /* LongPress.swift */ = {isa = PBXFileReference; lastKnownFileType = sourcecode.swift; path = LongPress.swift; sourceTree = "<group>"; };
		29C162BE2B848CC4002E185D /* MixPuzzle.app */ = {isa = PBXFileReference; explicitFileType = wrapper.application; includeInIndex = 0; path = MixPuzzle.app; sourceTree = BUILT_PRODUCTS_DIR; };
		29C162C12B848CC4002E185D /* MixPuzzleApp.swift */ = {isa = PBXFileReference; lastKnownFileType = sourcecode.swift; path = MixPuzzleApp.swift; sourceTree = "<group>"; };
		29C162C32B848CC4002E185D /* MenuView.swift */ = {isa = PBXFileReference; lastKnownFileType = sourcecode.swift; path = MenuView.swift; sourceTree = "<group>"; };
		29C162C52B848CC5002E185D /* Assets.xcassets */ = {isa = PBXFileReference; lastKnownFileType = folder.assetcatalog; path = Assets.xcassets; sourceTree = "<group>"; };
		29C162C72B848CC5002E185D /* MixPuzzle.entitlements */ = {isa = PBXFileReference; lastKnownFileType = text.plist.entitlements; path = MixPuzzle.entitlements; sourceTree = "<group>"; };
		29C162C92B848CC5002E185D /* Preview Assets.xcassets */ = {isa = PBXFileReference; lastKnownFileType = folder.assetcatalog; path = "Preview Assets.xcassets"; sourceTree = "<group>"; };
		29C162D12B848D89002E185D /* MenuScene.swift */ = {isa = PBXFileReference; lastKnownFileType = sourcecode.swift; path = MenuScene.swift; sourceTree = "<group>"; };
		29C162D32B8491DA002E185D /* puzzle.scnassets */ = {isa = PBXFileReference; lastKnownFileType = wrapper.scnassets; path = puzzle.scnassets; sourceTree = "<group>"; };
		29D3D1A22B8A0BF600E3EE6A /* StartScene.swift */ = {isa = PBXFileReference; lastKnownFileType = sourcecode.swift; path = StartScene.swift; sourceTree = "<group>"; };
		29DBBA7C2C0BA43D0046179F /* VisualizationSolutionView.swift */ = {isa = PBXFileReference; lastKnownFileType = sourcecode.swift; path = VisualizationSolutionView.swift; sourceTree = "<group>"; };
		29DD46862C1E098E000FF047 /* StatisticsView.swift */ = {isa = PBXFileReference; lastKnownFileType = sourcecode.swift; path = StatisticsView.swift; sourceTree = "<group>"; };
		29DEED102BDECD6600DCE4EB /* MaterialsWorker.swift */ = {isa = PBXFileReference; lastKnownFileType = sourcecode.swift; path = MaterialsWorker.swift; sourceTree = "<group>"; };
		29DFDEB92BC50D9500791434 /* Colors.swift */ = {isa = PBXFileReference; fileEncoding = 4; lastKnownFileType = sourcecode.swift; path = Colors.swift; sourceTree = "<group>"; };
		29DFDEBA2BC50D9500791434 /* Colors.xcassets */ = {isa = PBXFileReference; lastKnownFileType = folder.assetcatalog; path = Colors.xcassets; sourceTree = "<group>"; };
		29DFDEBD2BC5177F00791434 /* OptionsSectionsView.swift */ = {isa = PBXFileReference; lastKnownFileType = sourcecode.swift; path = OptionsSectionsView.swift; sourceTree = "<group>"; };
		29EB775C2B872E0D00A494A0 /* StartView.swift */ = {isa = PBXFileReference; lastKnownFileType = sourcecode.swift; path = StartView.swift; sourceTree = "<group>"; };
		29FCC9632C0C4A3E003604AD /* Ext+Compass.swift */ = {isa = PBXFileReference; lastKnownFileType = sourcecode.swift; path = "Ext+Compass.swift"; sourceTree = "<group>"; };
		29FDAA542C20C03200EFD8DD /* SwiftUIView.swift */ = {isa = PBXFileReference; lastKnownFileType = sourcecode.swift; path = SwiftUIView.swift; sourceTree = "<group>"; };
		29FDAA562C20C82F00EFD8DD /* TextNodeWorker.swift */ = {isa = PBXFileReference; lastKnownFileType = sourcecode.swift; path = TextNodeWorker.swift; sourceTree = "<group>"; };
/* End PBXFileReference section */

/* Begin PBXFrameworksBuildPhase section */
		29C162BB2B848CC4002E185D /* Frameworks */ = {
			isa = PBXFrameworksBuildPhase;
			buildActionMask = 2147483647;
			files = (
				29A49FD52C0C5C75006AF9DB /* MFPuzzle in Frameworks */,
			);
			runOnlyForDeploymentPostprocessing = 0;
		};
/* End PBXFrameworksBuildPhase section */

/* Begin PBXGroup section */
		2900FC7A2D042457009F3C07 /* Models */ = {
			isa = PBXGroup;
			children = (
				2900FC7B2D04247C009F3C07 /* StartState.swift */,
				2900FC7D2D042564009F3C07 /* ManageShakeMode.swift */,
			);
			path = Models;
			sourceTree = "<group>";
		};
		290441232C0CC214009A58E2 /* LoadingView */ = {
			isa = PBXGroup;
			children = (
				290441242C0CC224009A58E2 /* LoadingView.swift */,
			);
			path = LoadingView;
			sourceTree = "<group>";
		};
		290714EE2BFA46CA00AD5DCE /* Frameworks */ = {
			isa = PBXGroup;
			children = (
			);
			name = Frameworks;
			sourceTree = "<group>";
		};
		293C73BD2BDFCC5B00E183B5 /* SettingsAsteroids */ = {
			isa = PBXGroup;
			children = (
				293C73BE2BDFCCC900E183B5 /* SettingsAsteroids.swift */,
			);
			path = SettingsAsteroids;
			sourceTree = "<group>";
		};
		2944D6D92BC870FD001F1A82 /* Scenes */ = {
			isa = PBXGroup;
			children = (
				296846CD2C0100E30046862C /* FindSolutionViews */,
				2949A25E2BF7901300043A62 /* OprionViews */,
				2949A25D2BF78FEA00043A62 /* StartViews */,
				2944D6DD2BC910FB001F1A82 /* Common */,
				29C162D32B8491DA002E185D /* puzzle.scnassets */,
				29C162D02B848D53002E185D /* Menu */,
			);
			path = Scenes;
			sourceTree = "<group>";
		};
		2944D6DA2BC87167001F1A82 /* SettingsCube */ = {
			isa = PBXGroup;
			children = (
				2944D6E12BC915F1001F1A82 /* Scene */,
				2944D6E02BC915E9001F1A82 /* View */,
			);
			path = SettingsCube;
			sourceTree = "<group>";
		};
		2944D6DD2BC910FB001F1A82 /* Common */ = {
			isa = PBXGroup;
			children = (
				29051C712BE0DDF20064ABF0 /* Snackbar.swift */,
				2944D6DE2BC91166001F1A82 /* BackButtonToolbarItem.swift */,
				2956CE752BCED46A00F17C01 /* NavigationBar.swift */,
				296846D42C01D0070046862C /* LimitedTextField.swift */,
			);
			path = Common;
			sourceTree = "<group>";
		};
		2944D6E02BC915E9001F1A82 /* View */ = {
			isa = PBXGroup;
			children = (
				2944D6DB2BC871A6001F1A82 /* SettingsCubeView.swift */,
				2944D6E22BC9163C001F1A82 /* SettingsCubeWrapper.swift */,
			);
			path = View;
			sourceTree = "<group>";
		};
		2944D6E12BC915F1001F1A82 /* Scene */ = {
			isa = PBXGroup;
			children = (
				2944D6E42BC916F9001F1A82 /* SettingsCubeFactory.swift */,
				2944D6E62BC9176F001F1A82 /* SettingsCubeScene.swift */,
			);
			path = Scene;
			sourceTree = "<group>";
		};
		2944D6E82BC91E96001F1A82 /* Workers */ = {
			isa = PBXGroup;
			children = (
				2980BC6F2BE7F5D300866895 /* FileWorker.swift */,
				2985064D2B8B53A300028FA9 /* BoxesWorker.swift */,
				291A07F02BC198F8008B4246 /* AsteroidsWorker.swift */,
				2944D6EB2BCC4C94001F1A82 /* ImageWorker.swift */,
				2944D6ED2BCC4FFD001F1A82 /* CubeWorker.swift */,
				29DEED102BDECD6600DCE4EB /* MaterialsWorker.swift */,
				2980BC6D2BE7D9E500866895 /* GameWorker.swift */,
				2980BC712BEA53A900866895 /* Workers.swift */,
				2901B4D52C1B92D80015E9A3 /* StatisticsWorker.swift */,
				2901B4D72C1C1CF50015E9A3 /* Decoder.swift */,
				29FDAA562C20C82F00EFD8DD /* TextNodeWorker.swift */,
				2930F1A52D1DCABF00D49632 /* RotationWorker.swift */,
			);
			path = Workers;
			sourceTree = "<group>";
		};
		2949A25D2BF78FEA00043A62 /* StartViews */ = {
			isa = PBXGroup;
			children = (
				29EB775B2B872DF900A494A0 /* Start */,
			);
			path = StartViews;
			sourceTree = "<group>";
		};
		2949A25E2BF7901300043A62 /* OprionViews */ = {
			isa = PBXGroup;
			children = (
				29DD46852C1E096E000FF047 /* Statistics */,
				2949A25F2BF791C400043A62 /* TargetSelection */,
				2944D6DA2BC87167001F1A82 /* SettingsCube */,
				293C73BD2BDFCC5B00E183B5 /* SettingsAsteroids */,
				2980BC7C2BED1BC300866895 /* LevelSelection */,
				29A225472B89E0A2009ECD1C /* Options */,
			);
			path = OprionViews;
			sourceTree = "<group>";
		};
		2949A25F2BF791C400043A62 /* TargetSelection */ = {
			isa = PBXGroup;
			children = (
				2949A2602BF791F000043A62 /* TargetSelectionView.swift */,
			);
			path = TargetSelection;
			sourceTree = "<group>";
		};
		295D81FF2BD3E31400D1C431 /* Draft */ = {
			isa = PBXGroup;
			children = (
				294E6E392BD27B9B00B615F1 /* CubeButtonView.swift */,
				2980BC7A2BED176D00866895 /* SelectLevelView.swift */,
				290441262C0CC389009A58E2 /* Squeres.swift */,
				2953EC5D2C15894700EC9834 /* CandyDropView.swift */,
				29FDAA542C20C03200EFD8DD /* SwiftUIView.swift */,
				29B8B3E02D018B8800A3AEF4 /* LongPress.swift */,
			);
			path = Draft;
			sourceTree = "<group>";
		};
		296846CD2C0100E30046862C /* FindSolutionViews */ = {
			isa = PBXGroup;
			children = (
				290441232C0CC214009A58E2 /* LoadingView */,
				29DBBA7B2C0BA4140046179F /* VisualizationSolution */,
				296846D12C01C5F00046862C /* ManualFilling */,
				296846D02C01C2410046862C /* ChooseMethod */,
			);
			path = FindSolutionViews;
			sourceTree = "<group>";
		};
		296846D02C01C2410046862C /* ChooseMethod */ = {
			isa = PBXGroup;
			children = (
				296846CE2C0101200046862C /* ChooseMethodView.swift */,
			);
			path = ChooseMethod;
			sourceTree = "<group>";
		};
		296846D12C01C5F00046862C /* ManualFilling */ = {
			isa = PBXGroup;
			children = (
				296846D22C01C6130046862C /* ManualFillingView.swift */,
			);
			path = ManualFilling;
			sourceTree = "<group>";
		};
		2979B7112BBFDDB3000839D3 /* Scene */ = {
			isa = PBXGroup;
			children = (
				29A070322B91A5940078EB8D /* StartFactory.swift */,
				29D3D1A22B8A0BF600E3EE6A /* StartScene.swift */,
			);
			path = Scene;
			sourceTree = "<group>";
		};
		2979B7122BBFDE25000839D3 /* View */ = {
			isa = PBXGroup;
			children = (
				29EB775C2B872E0D00A494A0 /* StartView.swift */,
				2979B7132BBFDE5D000839D3 /* StartSceneWrapper.swift */,
				291A07ED2BC173D6008B4246 /* StartScoreView.swift */,
			);
			path = View;
			sourceTree = "<group>";
		};
		2979B7152BBFDEF5000839D3 /* Scene */ = {
			isa = PBXGroup;
			children = (
				29C162D12B848D89002E185D /* MenuScene.swift */,
			);
			path = Scene;
			sourceTree = "<group>";
		};
		2979B7162BBFDF03000839D3 /* View */ = {
			isa = PBXGroup;
			children = (
				29C162C32B848CC4002E185D /* MenuView.swift */,
				2979B7172BBFDF3C000839D3 /* MenuSceneWrapper.swift */,
			);
			path = View;
			sourceTree = "<group>";
		};
		2980BC732BEC11A100866895 /* Resources */ = {
			isa = PBXGroup;
			children = (
				2980BC772BEC136400866895 /* matrix.mix */,
				2980BC762BEC136400866895 /* matrix.solution.mix */,
			);
			path = Resources;
			sourceTree = "<group>";
		};
		2980BC7C2BED1BC300866895 /* LevelSelection */ = {
			isa = PBXGroup;
			children = (
				2980BC7D2BED1BE600866895 /* LevelSelectionView.swift */,
			);
			path = LevelSelection;
			sourceTree = "<group>";
		};
		29A225472B89E0A2009ECD1C /* Options */ = {
			isa = PBXGroup;
			children = (
				29A225482B89E0C5009ECD1C /* OptionsView.swift */,
				29DFDEBD2BC5177F00791434 /* OptionsSectionsView.swift */,
			);
			path = Options;
			sourceTree = "<group>";
		};
		29B2ADB72BDAD157002D11D8 /* Storages */ = {
			isa = PBXGroup;
			children = (
				29B2ADB82BDAD18A002D11D8 /* SettingsStorage.swift */,
				293C73C02BDFCDAF00E183B5 /* SettingsCubeStorage.swift */,
				293C73C22BDFCE0700E183B5 /* SettingsAsteroidsStorage.swift */,
				2980BC7F2BED62D400866895 /* SettingsGameStorage.swift */,
			);
			path = Storages;
			sourceTree = "<group>";
		};
		29B2ADBA2BDB9354002D11D8 /* Dependency */ = {
			isa = PBXGroup;
			children = (
				29B2ADBB2BDB9369002D11D8 /* Dependency.swift */,
			);
			path = Dependency;
			sourceTree = "<group>";
		};
		29B2ADBD2BDBA402002D11D8 /* Extentions */ = {
			isa = PBXGroup;
			children = (
				29B2ADBE2BDBA415002D11D8 /* Ext+Color.swift */,
				29051C732BE0E6AB0064ABF0 /* Ext+View.swift */,
				29FCC9632C0C4A3E003604AD /* Ext+Compass.swift */,
			);
			path = Extentions;
			sourceTree = "<group>";
		};
		29C162B52B848CC3002E185D = {
			isa = PBXGroup;
			children = (
				29C162C02B848CC4002E185D /* MixPuzzle */,
				29C162BF2B848CC4002E185D /* Products */,
				290714EE2BFA46CA00AD5DCE /* Frameworks */,
			);
			sourceTree = "<group>";
		};
		29C162BF2B848CC4002E185D /* Products */ = {
			isa = PBXGroup;
			children = (
				29C162BE2B848CC4002E185D /* MixPuzzle.app */,
			);
			name = Products;
			sourceTree = "<group>";
		};
		29C162C02B848CC4002E185D /* MixPuzzle */ = {
			isa = PBXGroup;
			children = (
				2944D6E82BC91E96001F1A82 /* Workers */,
				2980BC732BEC11A100866895 /* Resources */,
				29B2ADBD2BDBA402002D11D8 /* Extentions */,
				29B2ADBA2BDB9354002D11D8 /* Dependency */,
				29B2ADB72BDAD157002D11D8 /* Storages */,
				295D81FF2BD3E31400D1C431 /* Draft */,
				2944D6D92BC870FD001F1A82 /* Scenes */,
				29DFDEB82BC50D9500791434 /* Colors */,
				29C162C12B848CC4002E185D /* MixPuzzleApp.swift */,
				29C162C52B848CC5002E185D /* Assets.xcassets */,
				29C162C72B848CC5002E185D /* MixPuzzle.entitlements */,
				29C162C82B848CC5002E185D /* Preview Content */,
			);
			path = MixPuzzle;
			sourceTree = "<group>";
		};
		29C162C82B848CC5002E185D /* Preview Content */ = {
			isa = PBXGroup;
			children = (
				29C162C92B848CC5002E185D /* Preview Assets.xcassets */,
			);
			path = "Preview Content";
			sourceTree = "<group>";
		};
		29C162D02B848D53002E185D /* Menu */ = {
			isa = PBXGroup;
			children = (
				2979B7162BBFDF03000839D3 /* View */,
				2979B7152BBFDEF5000839D3 /* Scene */,
			);
			path = Menu;
			sourceTree = "<group>";
		};
		29DBBA7B2C0BA4140046179F /* VisualizationSolution */ = {
			isa = PBXGroup;
			children = (
				29DBBA7C2C0BA43D0046179F /* VisualizationSolutionView.swift */,
			);
			path = VisualizationSolution;
			sourceTree = "<group>";
		};
		29DD46852C1E096E000FF047 /* Statistics */ = {
			isa = PBXGroup;
			children = (
				29DD46862C1E098E000FF047 /* StatisticsView.swift */,
			);
			path = Statistics;
			sourceTree = "<group>";
		};
		29DFDEB82BC50D9500791434 /* Colors */ = {
			isa = PBXGroup;
			children = (
				29DFDEB92BC50D9500791434 /* Colors.swift */,
				29DFDEBA2BC50D9500791434 /* Colors.xcassets */,
			);
			path = Colors;
			sourceTree = "<group>";
		};
		29EB775B2B872DF900A494A0 /* Start */ = {
			isa = PBXGroup;
			children = (
				2900FC7A2D042457009F3C07 /* Models */,
				2979B7122BBFDE25000839D3 /* View */,
				2979B7112BBFDDB3000839D3 /* Scene */,
			);
			path = Start;
			sourceTree = "<group>";
		};
/* End PBXGroup section */

/* Begin PBXNativeTarget section */
		29C162BD2B848CC4002E185D /* MixPuzzle */ = {
			isa = PBXNativeTarget;
			buildConfigurationList = 29C162CD2B848CC5002E185D /* Build configuration list for PBXNativeTarget "MixPuzzle" */;
			buildPhases = (
				29C162BA2B848CC4002E185D /* Sources */,
				29C162BB2B848CC4002E185D /* Frameworks */,
				29C162BC2B848CC4002E185D /* Resources */,
			);
			buildRules = (
			);
			dependencies = (
			);
			name = MixPuzzle;
			packageProductDependencies = (
				29A49FD42C0C5C75006AF9DB /* MFPuzzle */,
			);
			productName = MixPuzzle;
			productReference = 29C162BE2B848CC4002E185D /* MixPuzzle.app */;
			productType = "com.apple.product-type.application";
		};
/* End PBXNativeTarget section */

/* Begin PBXProject section */
		29C162B62B848CC3002E185D /* Project object */ = {
			isa = PBXProject;
			attributes = {
				BuildIndependentTargetsInParallel = 1;
				LastSwiftUpdateCheck = 1520;
				LastUpgradeCheck = 1540;
				TargetAttributes = {
					29C162BD2B848CC4002E185D = {
						CreatedOnToolsVersion = 15.2;
					};
				};
			};
			buildConfigurationList = 29C162B92B848CC3002E185D /* Build configuration list for PBXProject "MixPuzzle" */;
			compatibilityVersion = "Xcode 14.0";
			developmentRegion = en;
			hasScannedForEncodings = 0;
			knownRegions = (
				en,
				Base,
			);
			mainGroup = 29C162B52B848CC3002E185D;
			packageReferences = (
				29A49FD32C0C5C75006AF9DB /* XCRemoteSwiftPackageReference "MFPuzzle" */,
			);
			productRefGroup = 29C162BF2B848CC4002E185D /* Products */;
			projectDirPath = "";
			projectRoot = "";
			targets = (
				29C162BD2B848CC4002E185D /* MixPuzzle */,
			);
		};
/* End PBXProject section */

/* Begin PBXResourcesBuildPhase section */
		29C162BC2B848CC4002E185D /* Resources */ = {
			isa = PBXResourcesBuildPhase;
			buildActionMask = 2147483647;
			files = (
				29C162CA2B848CC5002E185D /* Preview Assets.xcassets in Resources */,
				2980BC792BEC136400866895 /* matrix.mix in Resources */,
				29DFDEBC2BC50D9500791434 /* Colors.xcassets in Resources */,
				29C162C62B848CC5002E185D /* Assets.xcassets in Resources */,
				29C162D42B8491DA002E185D /* puzzle.scnassets in Resources */,
				2980BC782BEC136400866895 /* matrix.solution.mix in Resources */,
			);
			runOnlyForDeploymentPostprocessing = 0;
		};
/* End PBXResourcesBuildPhase section */

/* Begin PBXSourcesBuildPhase section */
		29C162BA2B848CC4002E185D /* Sources */ = {
			isa = PBXSourcesBuildPhase;
			buildActionMask = 2147483647;
			files = (
				2980BC7E2BED1BE600866895 /* LevelSelectionView.swift in Sources */,
				29DD46872C1E098E000FF047 /* StatisticsView.swift in Sources */,
				2900FC7C2D04247C009F3C07 /* StartState.swift in Sources */,
				29FDAA552C20C03200EFD8DD /* SwiftUIView.swift in Sources */,
				2980BC702BE7F5D300866895 /* FileWorker.swift in Sources */,
				2980BC6E2BE7D9E500866895 /* GameWorker.swift in Sources */,
				2980BC722BEA53A900866895 /* Workers.swift in Sources */,
				293C73C12BDFCDAF00E183B5 /* SettingsCubeStorage.swift in Sources */,
				2979B7142BBFDE5D000839D3 /* StartSceneWrapper.swift in Sources */,
				2930F1A62D1DCABF00D49632 /* RotationWorker.swift in Sources */,
				29B2ADBC2BDB9369002D11D8 /* Dependency.swift in Sources */,
				29EB775D2B872E0D00A494A0 /* StartView.swift in Sources */,
				290441252C0CC224009A58E2 /* LoadingView.swift in Sources */,
				29D3D1A32B8A0BF600E3EE6A /* StartScene.swift in Sources */,
				294E6E3A2BD27B9B00B615F1 /* CubeButtonView.swift in Sources */,
				296846CF2C0101200046862C /* ChooseMethodView.swift in Sources */,
				293C73BF2BDFCCC900E183B5 /* SettingsAsteroids.swift in Sources */,
				2944D6DC2BC871A6001F1A82 /* SettingsCubeView.swift in Sources */,
				2944D6E52BC916F9001F1A82 /* SettingsCubeFactory.swift in Sources */,
				296846D32C01C6130046862C /* ManualFillingView.swift in Sources */,
				29B2ADBF2BDBA415002D11D8 /* Ext+Color.swift in Sources */,
				2956CE762BCED46A00F17C01 /* NavigationBar.swift in Sources */,
				2944D6DF2BC91166001F1A82 /* BackButtonToolbarItem.swift in Sources */,
				29C162D22B848D89002E185D /* MenuScene.swift in Sources */,
				29B8B3E12D018B8800A3AEF4 /* LongPress.swift in Sources */,
				293C73C32BDFCE0700E183B5 /* SettingsAsteroidsStorage.swift in Sources */,
				29051C722BE0DDF20064ABF0 /* Snackbar.swift in Sources */,
				2980BC7B2BED176D00866895 /* SelectLevelView.swift in Sources */,
				29FCC9642C0C4A3E003604AD /* Ext+Compass.swift in Sources */,
				2944D6E72BC91770001F1A82 /* SettingsCubeScene.swift in Sources */,
				29A070332B91A5940078EB8D /* StartFactory.swift in Sources */,
				29DFDEBB2BC50D9500791434 /* Colors.swift in Sources */,
				29C162C42B848CC4002E185D /* MenuView.swift in Sources */,
				2953EC5E2C15894700EC9834 /* CandyDropView.swift in Sources */,
				29DBBA7D2C0BA43D0046179F /* VisualizationSolutionView.swift in Sources */,
				291A07EE2BC173D6008B4246 /* StartScoreView.swift in Sources */,
				29B2ADB92BDAD18A002D11D8 /* SettingsStorage.swift in Sources */,
				2901B4D82C1C1CF50015E9A3 /* Decoder.swift in Sources */,
				2980BC802BED62D400866895 /* SettingsGameStorage.swift in Sources */,
				29DEED112BDECD6600DCE4EB /* MaterialsWorker.swift in Sources */,
				2901B4D62C1B92D80015E9A3 /* StatisticsWorker.swift in Sources */,
				2944D6EE2BCC4FFD001F1A82 /* CubeWorker.swift in Sources */,
				29DFDEBE2BC5177F00791434 /* OptionsSectionsView.swift in Sources */,
				2900FC7E2D042564009F3C07 /* ManageShakeMode.swift in Sources */,
				291A07F12BC198F8008B4246 /* AsteroidsWorker.swift in Sources */,
				2949A2612BF791F000043A62 /* TargetSelectionView.swift in Sources */,
				29051C742BE0E6AB0064ABF0 /* Ext+View.swift in Sources */,
				290441272C0CC389009A58E2 /* Squeres.swift in Sources */,
				29A225492B89E0C5009ECD1C /* OptionsView.swift in Sources */,
				2979B7182BBFDF3C000839D3 /* MenuSceneWrapper.swift in Sources */,
				29C162C22B848CC4002E185D /* MixPuzzleApp.swift in Sources */,
				296846D52C01D0070046862C /* LimitedTextField.swift in Sources */,
				29FDAA572C20C82F00EFD8DD /* TextNodeWorker.swift in Sources */,
				2944D6EC2BCC4C94001F1A82 /* ImageWorker.swift in Sources */,
				2985064E2B8B53A300028FA9 /* BoxesWorker.swift in Sources */,
				2944D6E32BC9163C001F1A82 /* SettingsCubeWrapper.swift in Sources */,
			);
			runOnlyForDeploymentPostprocessing = 0;
		};
/* End PBXSourcesBuildPhase section */

/* Begin XCBuildConfiguration section */
		29C162CB2B848CC5002E185D /* Debug */ = {
			isa = XCBuildConfiguration;
			buildSettings = {
				ALWAYS_SEARCH_USER_PATHS = NO;
				ASSETCATALOG_COMPILER_GENERATE_SWIFT_ASSET_SYMBOL_EXTENSIONS = YES;
				CLANG_ANALYZER_NONNULL = YES;
				CLANG_ANALYZER_NUMBER_OBJECT_CONVERSION = YES_AGGRESSIVE;
				CLANG_CXX_LANGUAGE_STANDARD = "gnu++20";
				CLANG_ENABLE_MODULES = YES;
				CLANG_ENABLE_OBJC_ARC = YES;
				CLANG_ENABLE_OBJC_WEAK = YES;
				CLANG_WARN_BLOCK_CAPTURE_AUTORELEASING = YES;
				CLANG_WARN_BOOL_CONVERSION = YES;
				CLANG_WARN_COMMA = YES;
				CLANG_WARN_CONSTANT_CONVERSION = YES;
				CLANG_WARN_DEPRECATED_OBJC_IMPLEMENTATIONS = YES;
				CLANG_WARN_DIRECT_OBJC_ISA_USAGE = YES_ERROR;
				CLANG_WARN_DOCUMENTATION_COMMENTS = YES;
				CLANG_WARN_EMPTY_BODY = YES;
				CLANG_WARN_ENUM_CONVERSION = YES;
				CLANG_WARN_INFINITE_RECURSION = YES;
				CLANG_WARN_INT_CONVERSION = YES;
				CLANG_WARN_NON_LITERAL_NULL_CONVERSION = YES;
				CLANG_WARN_OBJC_IMPLICIT_RETAIN_SELF = YES;
				CLANG_WARN_OBJC_LITERAL_CONVERSION = YES;
				CLANG_WARN_OBJC_ROOT_CLASS = YES_ERROR;
				CLANG_WARN_QUOTED_INCLUDE_IN_FRAMEWORK_HEADER = YES;
				CLANG_WARN_RANGE_LOOP_ANALYSIS = YES;
				CLANG_WARN_STRICT_PROTOTYPES = YES;
				CLANG_WARN_SUSPICIOUS_MOVE = YES;
				CLANG_WARN_UNGUARDED_AVAILABILITY = YES_AGGRESSIVE;
				CLANG_WARN_UNREACHABLE_CODE = YES;
				CLANG_WARN__DUPLICATE_METHOD_MATCH = YES;
				COPY_PHASE_STRIP = NO;
				DEAD_CODE_STRIPPING = YES;
				DEBUG_INFORMATION_FORMAT = dwarf;
				ENABLE_STRICT_OBJC_MSGSEND = YES;
				ENABLE_TESTABILITY = YES;
				ENABLE_USER_SCRIPT_SANDBOXING = YES;
				GCC_C_LANGUAGE_STANDARD = gnu17;
				GCC_DYNAMIC_NO_PIC = NO;
				GCC_NO_COMMON_BLOCKS = YES;
				GCC_OPTIMIZATION_LEVEL = 0;
				GCC_PREPROCESSOR_DEFINITIONS = (
					"DEBUG=1",
					"$(inherited)",
				);
				GCC_WARN_64_TO_32_BIT_CONVERSION = YES;
				GCC_WARN_ABOUT_RETURN_TYPE = YES_ERROR;
				GCC_WARN_UNDECLARED_SELECTOR = YES;
				GCC_WARN_UNINITIALIZED_AUTOS = YES_AGGRESSIVE;
				GCC_WARN_UNUSED_FUNCTION = YES;
				GCC_WARN_UNUSED_VARIABLE = YES;
				IPHONEOS_DEPLOYMENT_TARGET = 15;
				LOCALIZATION_PREFERS_STRING_CATALOGS = YES;
				MACOSX_DEPLOYMENT_TARGET = 13;
				MTL_ENABLE_DEBUG_INFO = INCLUDE_SOURCE;
				MTL_FAST_MATH = YES;
				ONLY_ACTIVE_ARCH = YES;
				SWIFT_ACTIVE_COMPILATION_CONDITIONS = "DEBUG $(inherited)";
				SWIFT_OPTIMIZATION_LEVEL = "-Onone";
			};
			name = Debug;
		};
		29C162CC2B848CC5002E185D /* Release */ = {
			isa = XCBuildConfiguration;
			buildSettings = {
				ALWAYS_SEARCH_USER_PATHS = NO;
				ASSETCATALOG_COMPILER_GENERATE_SWIFT_ASSET_SYMBOL_EXTENSIONS = YES;
				CLANG_ANALYZER_NONNULL = YES;
				CLANG_ANALYZER_NUMBER_OBJECT_CONVERSION = YES_AGGRESSIVE;
				CLANG_CXX_LANGUAGE_STANDARD = "gnu++20";
				CLANG_ENABLE_MODULES = YES;
				CLANG_ENABLE_OBJC_ARC = YES;
				CLANG_ENABLE_OBJC_WEAK = YES;
				CLANG_WARN_BLOCK_CAPTURE_AUTORELEASING = YES;
				CLANG_WARN_BOOL_CONVERSION = YES;
				CLANG_WARN_COMMA = YES;
				CLANG_WARN_CONSTANT_CONVERSION = YES;
				CLANG_WARN_DEPRECATED_OBJC_IMPLEMENTATIONS = YES;
				CLANG_WARN_DIRECT_OBJC_ISA_USAGE = YES_ERROR;
				CLANG_WARN_DOCUMENTATION_COMMENTS = YES;
				CLANG_WARN_EMPTY_BODY = YES;
				CLANG_WARN_ENUM_CONVERSION = YES;
				CLANG_WARN_INFINITE_RECURSION = YES;
				CLANG_WARN_INT_CONVERSION = YES;
				CLANG_WARN_NON_LITERAL_NULL_CONVERSION = YES;
				CLANG_WARN_OBJC_IMPLICIT_RETAIN_SELF = YES;
				CLANG_WARN_OBJC_LITERAL_CONVERSION = YES;
				CLANG_WARN_OBJC_ROOT_CLASS = YES_ERROR;
				CLANG_WARN_QUOTED_INCLUDE_IN_FRAMEWORK_HEADER = YES;
				CLANG_WARN_RANGE_LOOP_ANALYSIS = YES;
				CLANG_WARN_STRICT_PROTOTYPES = YES;
				CLANG_WARN_SUSPICIOUS_MOVE = YES;
				CLANG_WARN_UNGUARDED_AVAILABILITY = YES_AGGRESSIVE;
				CLANG_WARN_UNREACHABLE_CODE = YES;
				CLANG_WARN__DUPLICATE_METHOD_MATCH = YES;
				COPY_PHASE_STRIP = NO;
				DEAD_CODE_STRIPPING = YES;
				DEBUG_INFORMATION_FORMAT = "dwarf-with-dsym";
				ENABLE_NS_ASSERTIONS = NO;
				ENABLE_STRICT_OBJC_MSGSEND = YES;
				ENABLE_USER_SCRIPT_SANDBOXING = YES;
				GCC_C_LANGUAGE_STANDARD = gnu17;
				GCC_NO_COMMON_BLOCKS = YES;
				GCC_WARN_64_TO_32_BIT_CONVERSION = YES;
				GCC_WARN_ABOUT_RETURN_TYPE = YES_ERROR;
				GCC_WARN_UNDECLARED_SELECTOR = YES;
				GCC_WARN_UNINITIALIZED_AUTOS = YES_AGGRESSIVE;
				GCC_WARN_UNUSED_FUNCTION = YES;
				GCC_WARN_UNUSED_VARIABLE = YES;
				IPHONEOS_DEPLOYMENT_TARGET = 15;
				LOCALIZATION_PREFERS_STRING_CATALOGS = YES;
				MACOSX_DEPLOYMENT_TARGET = 13;
				MTL_ENABLE_DEBUG_INFO = NO;
				MTL_FAST_MATH = YES;
				SWIFT_COMPILATION_MODE = wholemodule;
			};
			name = Release;
		};
		29C162CE2B848CC5002E185D /* Debug */ = {
			isa = XCBuildConfiguration;
			buildSettings = {
				ASSETCATALOG_COMPILER_APPICON_NAME = AppIcon;
				ASSETCATALOG_COMPILER_GLOBAL_ACCENT_COLOR_NAME = AccentColor;
				CODE_SIGN_ENTITLEMENTS = MixPuzzle/MixPuzzle.entitlements;
				CODE_SIGN_STYLE = Automatic;
				CURRENT_PROJECT_VERSION = 1;
				DEAD_CODE_STRIPPING = YES;
				DEVELOPMENT_ASSET_PATHS = "\"MixPuzzle/Preview Content\"";
				DEVELOPMENT_TEAM = 7SNPDG93FF;
				ENABLE_HARDENED_RUNTIME = YES;
				ENABLE_PREVIEWS = YES;
				GENERATE_INFOPLIST_FILE = YES;
				INFOPLIST_KEY_LSApplicationCategoryType = "public.app-category.games";
				"INFOPLIST_KEY_UIApplicationSceneManifest_Generation[sdk=iphoneos*]" = YES;
				"INFOPLIST_KEY_UIApplicationSceneManifest_Generation[sdk=iphonesimulator*]" = YES;
				"INFOPLIST_KEY_UIApplicationSupportsIndirectInputEvents[sdk=iphoneos*]" = YES;
				"INFOPLIST_KEY_UIApplicationSupportsIndirectInputEvents[sdk=iphonesimulator*]" = YES;
				"INFOPLIST_KEY_UILaunchScreen_Generation[sdk=iphoneos*]" = YES;
				"INFOPLIST_KEY_UILaunchScreen_Generation[sdk=iphonesimulator*]" = YES;
				"INFOPLIST_KEY_UIStatusBarStyle[sdk=iphoneos*]" = UIStatusBarStyleDefault;
				"INFOPLIST_KEY_UIStatusBarStyle[sdk=iphonesimulator*]" = UIStatusBarStyleDefault;
				INFOPLIST_KEY_UISupportedInterfaceOrientations = "UIInterfaceOrientationLandscapeLeft UIInterfaceOrientationLandscapeRight UIInterfaceOrientationPortrait UIInterfaceOrientationPortraitUpsideDown";
				IPHONEOS_DEPLOYMENT_TARGET = 15.0;
				LD_RUNPATH_SEARCH_PATHS = "@executable_path/Frameworks";
				"LD_RUNPATH_SEARCH_PATHS[sdk=macosx*]" = "@executable_path/../Frameworks";
				MACOSX_DEPLOYMENT_TARGET = 13.0;
				MARKETING_VERSION = 1.0;
				PRODUCT_BUNDLE_IDENTIFIER = ru.mixfon.MixPuzzle;
				PRODUCT_NAME = "$(TARGET_NAME)";
				SDKROOT = auto;
				SUPPORTED_PLATFORMS = "iphoneos iphonesimulator macosx";
				SWIFT_EMIT_LOC_STRINGS = YES;
				SWIFT_VERSION = 5.0;
				TARGETED_DEVICE_FAMILY = "1,2";
			};
			name = Debug;
		};
		29C162CF2B848CC5002E185D /* Release */ = {
			isa = XCBuildConfiguration;
			buildSettings = {
				ASSETCATALOG_COMPILER_APPICON_NAME = AppIcon;
				ASSETCATALOG_COMPILER_GLOBAL_ACCENT_COLOR_NAME = AccentColor;
				CODE_SIGN_ENTITLEMENTS = MixPuzzle/MixPuzzle.entitlements;
				CODE_SIGN_STYLE = Automatic;
				CURRENT_PROJECT_VERSION = 1;
				DEAD_CODE_STRIPPING = YES;
				DEVELOPMENT_ASSET_PATHS = "\"MixPuzzle/Preview Content\"";
				DEVELOPMENT_TEAM = 7SNPDG93FF;
				ENABLE_HARDENED_RUNTIME = YES;
				ENABLE_PREVIEWS = YES;
				GENERATE_INFOPLIST_FILE = YES;
				INFOPLIST_KEY_LSApplicationCategoryType = "public.app-category.games";
				"INFOPLIST_KEY_UIApplicationSceneManifest_Generation[sdk=iphoneos*]" = YES;
				"INFOPLIST_KEY_UIApplicationSceneManifest_Generation[sdk=iphonesimulator*]" = YES;
				"INFOPLIST_KEY_UIApplicationSupportsIndirectInputEvents[sdk=iphoneos*]" = YES;
				"INFOPLIST_KEY_UIApplicationSupportsIndirectInputEvents[sdk=iphonesimulator*]" = YES;
				"INFOPLIST_KEY_UILaunchScreen_Generation[sdk=iphoneos*]" = YES;
				"INFOPLIST_KEY_UILaunchScreen_Generation[sdk=iphonesimulator*]" = YES;
				"INFOPLIST_KEY_UIStatusBarStyle[sdk=iphoneos*]" = UIStatusBarStyleDefault;
				"INFOPLIST_KEY_UIStatusBarStyle[sdk=iphonesimulator*]" = UIStatusBarStyleDefault;
				INFOPLIST_KEY_UISupportedInterfaceOrientations = "UIInterfaceOrientationLandscapeLeft UIInterfaceOrientationLandscapeRight UIInterfaceOrientationPortrait UIInterfaceOrientationPortraitUpsideDown";
				IPHONEOS_DEPLOYMENT_TARGET = 15.0;
				LD_RUNPATH_SEARCH_PATHS = "@executable_path/Frameworks";
				"LD_RUNPATH_SEARCH_PATHS[sdk=macosx*]" = "@executable_path/../Frameworks";
				MACOSX_DEPLOYMENT_TARGET = 13.0;
				MARKETING_VERSION = 1.0;
				PRODUCT_BUNDLE_IDENTIFIER = ru.mixfon.MixPuzzle;
				PRODUCT_NAME = "$(TARGET_NAME)";
				SDKROOT = auto;
				SUPPORTED_PLATFORMS = "iphoneos iphonesimulator macosx";
				SWIFT_EMIT_LOC_STRINGS = YES;
				SWIFT_VERSION = 5.0;
				TARGETED_DEVICE_FAMILY = "1,2";
			};
			name = Release;
		};
/* End XCBuildConfiguration section */

/* Begin XCConfigurationList section */
		29C162B92B848CC3002E185D /* Build configuration list for PBXProject "MixPuzzle" */ = {
			isa = XCConfigurationList;
			buildConfigurations = (
				29C162CB2B848CC5002E185D /* Debug */,
				29C162CC2B848CC5002E185D /* Release */,
			);
			defaultConfigurationIsVisible = 0;
			defaultConfigurationName = Release;
		};
		29C162CD2B848CC5002E185D /* Build configuration list for PBXNativeTarget "MixPuzzle" */ = {
			isa = XCConfigurationList;
			buildConfigurations = (
				29C162CE2B848CC5002E185D /* Debug */,
				29C162CF2B848CC5002E185D /* Release */,
			);
			defaultConfigurationIsVisible = 0;
			defaultConfigurationName = Release;
		};
/* End XCConfigurationList section */

/* Begin XCRemoteSwiftPackageReference section */
		29A49FD32C0C5C75006AF9DB /* XCRemoteSwiftPackageReference "MFPuzzle" */ = {
			isa = XCRemoteSwiftPackageReference;
			repositoryURL = "git@github.com:MixFon/MFPuzzle.git";
			requirement = {
				branch = main;
				kind = branch;
			};
		};
/* End XCRemoteSwiftPackageReference section */

/* Begin XCSwiftPackageProductDependency section */
		29A49FD42C0C5C75006AF9DB /* MFPuzzle */ = {
			isa = XCSwiftPackageProductDependency;
			package = 29A49FD32C0C5C75006AF9DB /* XCRemoteSwiftPackageReference "MFPuzzle" */;
			productName = MFPuzzle;
		};
/* End XCSwiftPackageProductDependency section */
	};
	rootObject = 29C162B62B848CC3002E185D /* Project object */;
}
