{
  "originHash" : "8dd65b326ce0d05b9e7b26cfec63f53c3029514713fd0a6214de359a4c0a2110",
  "pins" : [
    {
      "identity" : "mfpuzzle",
      "kind" : "remoteSourceControl",
      "location" : "git@github.com:MixFon/MFPuzzle.git",
      "state" : {
        "branch" : "main",
        "revision" : "9042f8cc710cb426d885d9ac142f41dcea12da65"
      }
    },
    {
      "identity" : "mfstructs",
      "kind" : "remoteSourceControl",
      "location" : "git@github.com:MixFon/MFStructs.git",
      "state" : {
        "revision" : "f4959aab91d52dc0a5dc8943261b2e1191ba7b62",
        "version" : "0.0.3"
      }
    }
  ],
  "version" : 3
}
