{
  "pins" : [
    {
      "identity" : "mfpuzzle",
      "kind" : "remoteSourceControl",
      "location" : "git@github.com:MixFon/MFPuzzle.git",
      "state" : {
        "branch" : "main",
        "revision" : "899860d2bf9b827e624dd13ec9f1a1b2e94112ae"
      }
    },
    {
      "identity" : "mfstructs",
      "kind" : "remoteSourceControl",
      "location" : "git@github.com:MixFon/MFStructs.git",
      "state" : {
        "revision" : "b3254474206737488074e8af33e552a82cdeb5ff",
        "version" : "0.0.1"
      }
    }
  ],
  "version" : 2
}
